Microsoft Visual Studio Solution File, Format Version 9.00
# Visual Studio 2005
Project("{FAE04EC0-301F-11D3-BF4B-00C04F79EFBC}") = "MPR DLL", "MPR DLL\MPR DLL.csproj", "{87EC257D-8D90-48AF-8F3F-D300BBCF8BFB}"
EndProject
Project("{FAE04EC0-301F-11D3-BF4B-00C04F79EFBC}") = "RFID Client", "RFID Client\RFID Client.csproj", "{3BD653C1-7293-4627-B159-875E7474DE59}"
	ProjectSection(ProjectDependencies) = postProject
		{09021233-899C-4485-BEFB-9DC4FD63A97D} = {09021233-899C-4485-BEFB-9DC4FD63A97D}
	EndProjectSection
EndProject
Project("{FAE04EC0-301F-11D3-BF4B-00C04F79EFBC}") = "RFID Protocol Library", "RFID Protocol Library\RFID Protocol Library.csproj", "{09021233-899C-4485-BEFB-9DC4FD63A97D}"
EndProject
Project("{FAE04EC0-301F-11D3-BF4B-00C04F79EFBC}") = "RFID Server", "RFID Server\RFID Server.csproj", "{697C18C5-1CF3-493C-9A16-1ACF1D2E324B}"
EndProject
Global
	GlobalSection(SolutionConfigurationPlatforms) = preSolution
		Debug|Any CPU = Debug|Any CPU
		Debug|x86 = Debug|x86
		Debug2|Any CPU = Debug2|Any CPU
		Debug2|x86 = Debug2|x86
		Release|Any CPU = Release|Any CPU
		Release|x86 = Release|x86
		Test|Any CPU = Test|Any CPU
		Test|x86 = Test|x86
		test2|Any CPU = test2|Any CPU
		test2|x86 = test2|x86
		Windows|Any CPU = Windows|Any CPU
		Windows|x86 = Windows|x86
	EndGlobalSection
	GlobalSection(ProjectConfigurationPlatforms) = postSolution
		{87EC257D-8D90-48AF-8F3F-D300BBCF8BFB}.Debug|Any CPU.ActiveCfg = Debug|Any CPU
		{87EC257D-8D90-48AF-8F3F-D300BBCF8BFB}.Debug|Any CPU.Build.0 = Debug|Any CPU
		{87EC257D-8D90-48AF-8F3F-D300BBCF8BFB}.Debug|x86.ActiveCfg = Debug|Any CPU
		{87EC257D-8D90-48AF-8F3F-D300BBCF8BFB}.Debug2|Any CPU.ActiveCfg = Release|Any CPU
		{87EC257D-8D90-48AF-8F3F-D300BBCF8BFB}.Debug2|Any CPU.Build.0 = Release|Any CPU
		{87EC257D-8D90-48AF-8F3F-D300BBCF8BFB}.Debug2|x86.ActiveCfg = Debug|Any CPU
		{87EC257D-8D90-48AF-8F3F-D300BBCF8BFB}.Release|Any CPU.ActiveCfg = Release|Any CPU
		{87EC257D-8D90-48AF-8F3F-D300BBCF8BFB}.Release|Any CPU.Build.0 = Release|Any CPU
		{87EC257D-8D90-48AF-8F3F-D300BBCF8BFB}.Release|x86.ActiveCfg = Release|Any CPU
		{87EC257D-8D90-48AF-8F3F-D300BBCF8BFB}.Test|Any CPU.ActiveCfg = Release|Any CPU
		{87EC257D-8D90-48AF-8F3F-D300BBCF8BFB}.Test|Any CPU.Build.0 = Release|Any CPU
		{87EC257D-8D90-48AF-8F3F-D300BBCF8BFB}.Test|Any CPU.Deploy.0 = Release|Any CPU
		{87EC257D-8D90-48AF-8F3F-D300BBCF8BFB}.Test|x86.ActiveCfg = Release|Any CPU
		{87EC257D-8D90-48AF-8F3F-D300BBCF8BFB}.test2|Any CPU.ActiveCfg = Release|Any CPU
		{87EC257D-8D90-48AF-8F3F-D300BBCF8BFB}.test2|Any CPU.Build.0 = Release|Any CPU
		{87EC257D-8D90-48AF-8F3F-D300BBCF8BFB}.test2|Any CPU.Deploy.0 = Release|Any CPU
		{87EC257D-8D90-48AF-8F3F-D300BBCF8BFB}.test2|x86.ActiveCfg = Release|Any CPU
		{87EC257D-8D90-48AF-8F3F-D300BBCF8BFB}.Windows|Any CPU.ActiveCfg = Release|Any CPU
		{87EC257D-8D90-48AF-8F3F-D300BBCF8BFB}.Windows|Any CPU.Build.0 = Release|Any CPU
		{87EC257D-8D90-48AF-8F3F-D300BBCF8BFB}.Windows|Any CPU.Deploy.0 = Release|Any CPU
		{87EC257D-8D90-48AF-8F3F-D300BBCF8BFB}.Windows|x86.ActiveCfg = Release|Any CPU
		{3BD653C1-7293-4627-B159-875E7474DE59}.Debug|Any CPU.ActiveCfg = Debug|Any CPU
		{3BD653C1-7293-4627-B159-875E7474DE59}.Debug|Any CPU.Build.0 = Debug|Any CPU
		{3BD653C1-7293-4627-B159-875E7474DE59}.Debug|Any CPU.Deploy.0 = Debug|Any CPU
		{3BD653C1-7293-4627-B159-875E7474DE59}.Debug|x86.ActiveCfg = Debug|Any CPU
		{3BD653C1-7293-4627-B159-875E7474DE59}.Debug2|Any CPU.ActiveCfg = Debug|Any CPU
		{3BD653C1-7293-4627-B159-875E7474DE59}.Debug2|Any CPU.Build.0 = Debug|Any CPU
		{3BD653C1-7293-4627-B159-875E7474DE59}.Debug2|Any CPU.Deploy.0 = Debug|Any CPU
		{3BD653C1-7293-4627-B159-875E7474DE59}.Debug2|x86.ActiveCfg = Debug|Any CPU
		{3BD653C1-7293-4627-B159-875E7474DE59}.Release|Any CPU.ActiveCfg = Release|Any CPU
		{3BD653C1-7293-4627-B159-875E7474DE59}.Release|Any CPU.Build.0 = Release|Any CPU
		{3BD653C1-7293-4627-B159-875E7474DE59}.Release|Any CPU.Deploy.0 = Release|Any CPU
		{3BD653C1-7293-4627-B159-875E7474DE59}.Release|x86.ActiveCfg = Release|Any CPU
		{3BD653C1-7293-4627-B159-875E7474DE59}.Test|Any CPU.ActiveCfg = Release|Any CPU
		{3BD653C1-7293-4627-B159-875E7474DE59}.Test|Any CPU.Build.0 = Release|Any CPU
		{3BD653C1-7293-4627-B159-875E7474DE59}.Test|Any CPU.Deploy.0 = Release|Any CPU
		{3BD653C1-7293-4627-B159-875E7474DE59}.Test|x86.ActiveCfg = Release|Any CPU
		{3BD653C1-7293-4627-B159-875E7474DE59}.test2|Any CPU.ActiveCfg = Release|Any CPU
		{3BD653C1-7293-4627-B159-875E7474DE59}.test2|Any CPU.Build.0 = Release|Any CPU
		{3BD653C1-7293-4627-B159-875E7474DE59}.test2|Any CPU.Deploy.0 = Release|Any CPU
		{3BD653C1-7293-4627-B159-875E7474DE59}.test2|x86.ActiveCfg = Release|Any CPU
		{3BD653C1-7293-4627-B159-875E7474DE59}.Windows|Any CPU.ActiveCfg = Release|Any CPU
		{3BD653C1-7293-4627-B159-875E7474DE59}.Windows|Any CPU.Build.0 = Release|Any CPU
		{3BD653C1-7293-4627-B159-875E7474DE59}.Windows|Any CPU.Deploy.0 = Release|Any CPU
		{3BD653C1-7293-4627-B159-875E7474DE59}.Windows|x86.ActiveCfg = Release|Any CPU
		{09021233-899C-4485-BEFB-9DC4FD63A97D}.Debug|Any CPU.ActiveCfg = Debug|Any CPU
		{09021233-899C-4485-BEFB-9DC4FD63A97D}.Debug|Any CPU.Build.0 = Debug|Any CPU
		{09021233-899C-4485-BEFB-9DC4FD63A97D}.Debug|x86.ActiveCfg = Debug|Any CPU
		{09021233-899C-4485-BEFB-9DC4FD63A97D}.Debug2|Any CPU.ActiveCfg = Debug|Any CPU
		{09021233-899C-4485-BEFB-9DC4FD63A97D}.Debug2|Any CPU.Build.0 = Debug|Any CPU
		{09021233-899C-4485-BEFB-9DC4FD63A97D}.Debug2|x86.ActiveCfg = Debug|Any CPU
		{09021233-899C-4485-BEFB-9DC4FD63A97D}.Release|Any CPU.ActiveCfg = Release|Any CPU
		{09021233-899C-4485-BEFB-9DC4FD63A97D}.Release|Any CPU.Build.0 = Release|Any CPU
		{09021233-899C-4485-BEFB-9DC4FD63A97D}.Release|x86.ActiveCfg = Release|Any CPU
		{09021233-899C-4485-BEFB-9DC4FD63A97D}.Test|Any CPU.ActiveCfg = Release|Any CPU
		{09021233-899C-4485-BEFB-9DC4FD63A97D}.Test|Any CPU.Build.0 = Release|Any CPU
		{09021233-899C-4485-BEFB-9DC4FD63A97D}.Test|x86.ActiveCfg = Release|Any CPU
		{09021233-899C-4485-BEFB-9DC4FD63A97D}.test2|Any CPU.ActiveCfg = Release|Any CPU
		{09021233-899C-4485-BEFB-9DC4FD63A97D}.test2|Any CPU.Build.0 = Release|Any CPU
		{09021233-899C-4485-BEFB-9DC4FD63A97D}.test2|x86.ActiveCfg = Release|Any CPU
		{09021233-899C-4485-BEFB-9DC4FD63A97D}.Windows|Any CPU.ActiveCfg = Release|Any CPU
		{09021233-899C-4485-BEFB-9DC4FD63A97D}.Windows|Any CPU.Build.0 = Release|Any CPU
		{09021233-899C-4485-BEFB-9DC4FD63A97D}.Windows|x86.ActiveCfg = Release|Any CPU
		{697C18C5-1CF3-493C-9A16-1ACF1D2E324B}.Debug|Any CPU.ActiveCfg = Debug|Any CPU
		{697C18C5-1CF3-493C-9A16-1ACF1D2E324B}.Debug|Any CPU.Build.0 = Debug|Any CPU
		{697C18C5-1CF3-493C-9A16-1ACF1D2E324B}.Debug|x86.ActiveCfg = Debug|Any CPU
		{697C18C5-1CF3-493C-9A16-1ACF1D2E324B}.Debug2|Any CPU.ActiveCfg = Debug|Any CPU
		{697C18C5-1CF3-493C-9A16-1ACF1D2E324B}.Debug2|Any CPU.Build.0 = Debug|Any CPU
		{697C18C5-1CF3-493C-9A16-1ACF1D2E324B}.Debug2|x86.ActiveCfg = Debug|Any CPU
		{697C18C5-1CF3-493C-9A16-1ACF1D2E324B}.Release|Any CPU.ActiveCfg = Release|Any CPU
		{697C18C5-1CF3-493C-9A16-1ACF1D2E324B}.Release|Any CPU.Build.0 = Release|Any CPU
		{697C18C5-1CF3-493C-9A16-1ACF1D2E324B}.Release|x86.ActiveCfg = Release|Any CPU
		{697C18C5-1CF3-493C-9A16-1ACF1D2E324B}.Test|Any CPU.ActiveCfg = Release|Any CPU
		{697C18C5-1CF3-493C-9A16-1ACF1D2E324B}.Test|Any CPU.Build.0 = Release|Any CPU
		{697C18C5-1CF3-493C-9A16-1ACF1D2E324B}.Test|x86.ActiveCfg = Release|Any CPU
		{697C18C5-1CF3-493C-9A16-1ACF1D2E324B}.test2|Any CPU.ActiveCfg = Release|Any CPU
		{697C18C5-1CF3-493C-9A16-1ACF1D2E324B}.test2|Any CPU.Build.0 = Release|Any CPU
		{697C18C5-1CF3-493C-9A16-1ACF1D2E324B}.test2|x86.ActiveCfg = Release|Any CPU
		{697C18C5-1CF3-493C-9A16-1ACF1D2E324B}.Windows|Any CPU.ActiveCfg = Release|Any CPU
		{697C18C5-1CF3-493C-9A16-1ACF1D2E324B}.Windows|Any CPU.Build.0 = Release|Any CPU
		{697C18C5-1CF3-493C-9A16-1ACF1D2E324B}.Windows|x86.ActiveCfg = Release|Any CPU
	EndGlobalSection
	GlobalSection(SolutionProperties) = preSolution
		HideSolutionNode = FALSE
	EndGlobalSection
	GlobalSection(ExtensibilityGlobals) = postSolution
		AMDCaProjectFile = C:\Documents and Settings\CriuS\My Documents\Visual Studio 2005\Projects\AIT\CodeAnalyst\RFID Client Server.caw
	EndGlobalSection
EndGlobal
