
Microsoft Visual Studio Solution File, Format Version 9.00
# Visual Studio 2005
Project("{FAE04EC0-301F-11D3-BF4B-00C04F79EFBC}") = "Gentag Demo", "GenTag Demo\Gentag Demo.csproj", "{2BB2FFF5-F1D5-4C0D-A1DB-CD507D7F9280}"
	ProjectSection(ProjectDependencies) = postProject
		{7775ECF9-017E-489D-84B6-3BC6DF166494} = {7775ECF9-017E-489D-84B6-3BC6DF166494}
	EndProjectSection
EndProject
Project("{FAE04EC0-301F-11D3-BF4B-00C04F79EFBC}") = "Drug Interaction Client", "GenTag Server\Drug Interaction Client.csproj", "{550F5C11-A801-41C8-BA5F-EA2A623E957E}"
EndProject
Project("{2150E333-8FDC-42A3-9474-1A3956D46DE8}") = "Solution Items", "Solution Items", "{6CE67811-D13A-43D7-9DF8-7FDE4D0B27A9}"
EndProject
Project("{B900F1C2-3D47-4FEC-85B3-04AAF18C3634}") = "Setup CAB", "Setup CAB\Setup CAB.vddproj", "{9362BC75-2444-46AB-8FEB-696ABF2280BB}"
EndProject
Project("{8BC9CEB8-8B4A-11D0-8D11-00A0C91BC942}") = "VarioSens Lib", "VarioSens Lib\VarioSens Lib.vcproj", "{7775ECF9-017E-489D-84B6-3BC6DF166494}"
EndProject
Project("{FAE04EC0-301F-11D3-BF4B-00C04F79EFBC}") = "EntryClient", "WineEntryClient\EntryClient.csproj", "{A90A3C2C-4305-4AD4-BA34-D8A9A6019980}"
EndProject
Project("{FAE04EC0-301F-11D3-BF4B-00C04F79EFBC}") = "COREPCMedDemo", "CORE MedDemo\COREPCMedDemo.csproj", "{F3FFD044-5200-4404-A215-4D99BFCAF4E8}"
EndProject
Project("{2150E333-8FDC-42A3-9474-1A3956D46DE8}") = "CORE MedicineDemo", "CORE MedicineDemo", "{A0457640-3878-4BB0-85D9-C00548758750}"
EndProject
Project("{FAE04EC0-301F-11D3-BF4B-00C04F79EFBC}") = "COREMobileMedDemo", "COREMobileMedDemo\COREMobileMedDemo.csproj", "{F65DA4CC-5EFF-4307-B519-41AD6EBD9AC2}"
EndProject
Global
	GlobalSection(SolutionConfigurationPlatforms) = preSolution
		Debug|Any CPU = Debug|Any CPU
		Debug|Mixed Platforms = Debug|Mixed Platforms
		Debug|Pocket PC 2003 (ARMV4) = Debug|Pocket PC 2003 (ARMV4)
		Debug|Win32 = Debug|Win32
		Debug|Windows Mobile 5.0 Pocket PC SDK (ARMV4I) = Debug|Windows Mobile 5.0 Pocket PC SDK (ARMV4I)
		Release|Any CPU = Release|Any CPU
		Release|Mixed Platforms = Release|Mixed Platforms
		Release|Pocket PC 2003 (ARMV4) = Release|Pocket PC 2003 (ARMV4)
		Release|Win32 = Release|Win32
		Release|Windows Mobile 5.0 Pocket PC SDK (ARMV4I) = Release|Windows Mobile 5.0 Pocket PC SDK (ARMV4I)
	EndGlobalSection
	GlobalSection(ProjectConfigurationPlatforms) = postSolution
		{2BB2FFF5-F1D5-4C0D-A1DB-CD507D7F9280}.Debug|Any CPU.ActiveCfg = Debug|Any CPU
		{2BB2FFF5-F1D5-4C0D-A1DB-CD507D7F9280}.Debug|Any CPU.Build.0 = Debug|Any CPU
		{2BB2FFF5-F1D5-4C0D-A1DB-CD507D7F9280}.Debug|Any CPU.Deploy.0 = Debug|Any CPU
		{2BB2FFF5-F1D5-4C0D-A1DB-CD507D7F9280}.Debug|Mixed Platforms.ActiveCfg = Debug|Any CPU
		{2BB2FFF5-F1D5-4C0D-A1DB-CD507D7F9280}.Debug|Mixed Platforms.Build.0 = Debug|Any CPU
		{2BB2FFF5-F1D5-4C0D-A1DB-CD507D7F9280}.Debug|Mixed Platforms.Deploy.0 = Debug|Any CPU
		{2BB2FFF5-F1D5-4C0D-A1DB-CD507D7F9280}.Debug|Pocket PC 2003 (ARMV4).ActiveCfg = Debug|Any CPU
		{2BB2FFF5-F1D5-4C0D-A1DB-CD507D7F9280}.Debug|Win32.ActiveCfg = Debug|Any CPU
		{2BB2FFF5-F1D5-4C0D-A1DB-CD507D7F9280}.Debug|Windows Mobile 5.0 Pocket PC SDK (ARMV4I).ActiveCfg = Debug|Any CPU
		{2BB2FFF5-F1D5-4C0D-A1DB-CD507D7F9280}.Release|Any CPU.ActiveCfg = Release|Any CPU
		{2BB2FFF5-F1D5-4C0D-A1DB-CD507D7F9280}.Release|Any CPU.Build.0 = Release|Any CPU
		{2BB2FFF5-F1D5-4C0D-A1DB-CD507D7F9280}.Release|Any CPU.Deploy.0 = Release|Any CPU
		{2BB2FFF5-F1D5-4C0D-A1DB-CD507D7F9280}.Release|Mixed Platforms.ActiveCfg = Release|Any CPU
		{2BB2FFF5-F1D5-4C0D-A1DB-CD507D7F9280}.Release|Mixed Platforms.Build.0 = Release|Any CPU
		{2BB2FFF5-F1D5-4C0D-A1DB-CD507D7F9280}.Release|Mixed Platforms.Deploy.0 = Release|Any CPU
		{2BB2FFF5-F1D5-4C0D-A1DB-CD507D7F9280}.Release|Pocket PC 2003 (ARMV4).ActiveCfg = Release|Any CPU
		{2BB2FFF5-F1D5-4C0D-A1DB-CD507D7F9280}.Release|Win32.ActiveCfg = Release|Any CPU
		{2BB2FFF5-F1D5-4C0D-A1DB-CD507D7F9280}.Release|Windows Mobile 5.0 Pocket PC SDK (ARMV4I).ActiveCfg = Release|Any CPU
		{550F5C11-A801-41C8-BA5F-EA2A623E957E}.Debug|Any CPU.ActiveCfg = Debug|Any CPU
		{550F5C11-A801-41C8-BA5F-EA2A623E957E}.Debug|Any CPU.Build.0 = Debug|Any CPU
		{550F5C11-A801-41C8-BA5F-EA2A623E957E}.Debug|Mixed Platforms.ActiveCfg = Debug|Any CPU
		{550F5C11-A801-41C8-BA5F-EA2A623E957E}.Debug|Mixed Platforms.Build.0 = Debug|Any CPU
		{550F5C11-A801-41C8-BA5F-EA2A623E957E}.Debug|Pocket PC 2003 (ARMV4).ActiveCfg = Debug|Any CPU
		{550F5C11-A801-41C8-BA5F-EA2A623E957E}.Debug|Win32.ActiveCfg = Debug|Any CPU
		{550F5C11-A801-41C8-BA5F-EA2A623E957E}.Debug|Windows Mobile 5.0 Pocket PC SDK (ARMV4I).ActiveCfg = Debug|Any CPU
		{550F5C11-A801-41C8-BA5F-EA2A623E957E}.Release|Any CPU.ActiveCfg = Release|Any CPU
		{550F5C11-A801-41C8-BA5F-EA2A623E957E}.Release|Any CPU.Build.0 = Release|Any CPU
		{550F5C11-A801-41C8-BA5F-EA2A623E957E}.Release|Mixed Platforms.ActiveCfg = Release|Any CPU
		{550F5C11-A801-41C8-BA5F-EA2A623E957E}.Release|Mixed Platforms.Build.0 = Release|Any CPU
		{550F5C11-A801-41C8-BA5F-EA2A623E957E}.Release|Pocket PC 2003 (ARMV4).ActiveCfg = Release|Any CPU
		{550F5C11-A801-41C8-BA5F-EA2A623E957E}.Release|Win32.ActiveCfg = Release|Any CPU
		{550F5C11-A801-41C8-BA5F-EA2A623E957E}.Release|Windows Mobile 5.0 Pocket PC SDK (ARMV4I).ActiveCfg = Release|Any CPU
		{9362BC75-2444-46AB-8FEB-696ABF2280BB}.Debug|Any CPU.ActiveCfg = Debug
		{9362BC75-2444-46AB-8FEB-696ABF2280BB}.Debug|Mixed Platforms.ActiveCfg = Debug
		{9362BC75-2444-46AB-8FEB-696ABF2280BB}.Debug|Mixed Platforms.Build.0 = Debug
		{9362BC75-2444-46AB-8FEB-696ABF2280BB}.Debug|Pocket PC 2003 (ARMV4).ActiveCfg = Debug
		{9362BC75-2444-46AB-8FEB-696ABF2280BB}.Debug|Pocket PC 2003 (ARMV4).Build.0 = Debug
		{9362BC75-2444-46AB-8FEB-696ABF2280BB}.Debug|Win32.ActiveCfg = Debug
		{9362BC75-2444-46AB-8FEB-696ABF2280BB}.Debug|Win32.Build.0 = Debug
		{9362BC75-2444-46AB-8FEB-696ABF2280BB}.Debug|Windows Mobile 5.0 Pocket PC SDK (ARMV4I).ActiveCfg = Debug
		{9362BC75-2444-46AB-8FEB-696ABF2280BB}.Debug|Windows Mobile 5.0 Pocket PC SDK (ARMV4I).Build.0 = Debug
		{9362BC75-2444-46AB-8FEB-696ABF2280BB}.Release|Any CPU.ActiveCfg = Release
		{9362BC75-2444-46AB-8FEB-696ABF2280BB}.Release|Mixed Platforms.ActiveCfg = Release
		{9362BC75-2444-46AB-8FEB-696ABF2280BB}.Release|Mixed Platforms.Build.0 = Release
		{9362BC75-2444-46AB-8FEB-696ABF2280BB}.Release|Pocket PC 2003 (ARMV4).ActiveCfg = Release
		{9362BC75-2444-46AB-8FEB-696ABF2280BB}.Release|Pocket PC 2003 (ARMV4).Build.0 = Release
		{9362BC75-2444-46AB-8FEB-696ABF2280BB}.Release|Win32.ActiveCfg = Release
		{9362BC75-2444-46AB-8FEB-696ABF2280BB}.Release|Win32.Build.0 = Release
		{9362BC75-2444-46AB-8FEB-696ABF2280BB}.Release|Windows Mobile 5.0 Pocket PC SDK (ARMV4I).ActiveCfg = Release
		{9362BC75-2444-46AB-8FEB-696ABF2280BB}.Release|Windows Mobile 5.0 Pocket PC SDK (ARMV4I).Build.0 = Release
		{7775ECF9-017E-489D-84B6-3BC6DF166494}.Debug|Any CPU.ActiveCfg = Debug|Pocket PC 2003 (ARMV4)
		{7775ECF9-017E-489D-84B6-3BC6DF166494}.Debug|Mixed Platforms.ActiveCfg = Debug|Pocket PC 2003 (ARMV4)
		{7775ECF9-017E-489D-84B6-3BC6DF166494}.Debug|Mixed Platforms.Build.0 = Debug|Pocket PC 2003 (ARMV4)
		{7775ECF9-017E-489D-84B6-3BC6DF166494}.Debug|Mixed Platforms.Deploy.0 = Debug|Pocket PC 2003 (ARMV4)
		{7775ECF9-017E-489D-84B6-3BC6DF166494}.Debug|Pocket PC 2003 (ARMV4).ActiveCfg = Debug|Pocket PC 2003 (ARMV4)
		{7775ECF9-017E-489D-84B6-3BC6DF166494}.Debug|Pocket PC 2003 (ARMV4).Build.0 = Debug|Pocket PC 2003 (ARMV4)
		{7775ECF9-017E-489D-84B6-3BC6DF166494}.Debug|Pocket PC 2003 (ARMV4).Deploy.0 = Debug|Pocket PC 2003 (ARMV4)
		{7775ECF9-017E-489D-84B6-3BC6DF166494}.Debug|Win32.ActiveCfg = Debug|Pocket PC 2003 (ARMV4)
		{7775ECF9-017E-489D-84B6-3BC6DF166494}.Debug|Windows Mobile 5.0 Pocket PC SDK (ARMV4I).ActiveCfg = Debug|Pocket PC 2003 (ARMV4)
		{7775ECF9-017E-489D-84B6-3BC6DF166494}.Release|Any CPU.ActiveCfg = Release|Pocket PC 2003 (ARMV4)
		{7775ECF9-017E-489D-84B6-3BC6DF166494}.Release|Mixed Platforms.ActiveCfg = Release|Pocket PC 2003 (ARMV4)
		{7775ECF9-017E-489D-84B6-3BC6DF166494}.Release|Mixed Platforms.Build.0 = Release|Pocket PC 2003 (ARMV4)
		{7775ECF9-017E-489D-84B6-3BC6DF166494}.Release|Mixed Platforms.Deploy.0 = Release|Pocket PC 2003 (ARMV4)
		{7775ECF9-017E-489D-84B6-3BC6DF166494}.Release|Pocket PC 2003 (ARMV4).ActiveCfg = Release|Pocket PC 2003 (ARMV4)
		{7775ECF9-017E-489D-84B6-3BC6DF166494}.Release|Pocket PC 2003 (ARMV4).Build.0 = Release|Pocket PC 2003 (ARMV4)
		{7775ECF9-017E-489D-84B6-3BC6DF166494}.Release|Pocket PC 2003 (ARMV4).Deploy.0 = Release|Pocket PC 2003 (ARMV4)
		{7775ECF9-017E-489D-84B6-3BC6DF166494}.Release|Win32.ActiveCfg = Release|Pocket PC 2003 (ARMV4)
		{7775ECF9-017E-489D-84B6-3BC6DF166494}.Release|Windows Mobile 5.0 Pocket PC SDK (ARMV4I).ActiveCfg = Release|Pocket PC 2003 (ARMV4)
		{A90A3C2C-4305-4AD4-BA34-D8A9A6019980}.Debug|Any CPU.ActiveCfg = Debug|Any CPU
		{A90A3C2C-4305-4AD4-BA34-D8A9A6019980}.Debug|Any CPU.Build.0 = Debug|Any CPU
		{A90A3C2C-4305-4AD4-BA34-D8A9A6019980}.Debug|Mixed Platforms.ActiveCfg = Debug|Any CPU
		{A90A3C2C-4305-4AD4-BA34-D8A9A6019980}.Debug|Mixed Platforms.Build.0 = Debug|Any CPU
		{A90A3C2C-4305-4AD4-BA34-D8A9A6019980}.Debug|Pocket PC 2003 (ARMV4).ActiveCfg = Debug|Any CPU
		{A90A3C2C-4305-4AD4-BA34-D8A9A6019980}.Debug|Win32.ActiveCfg = Debug|Any CPU
		{A90A3C2C-4305-4AD4-BA34-D8A9A6019980}.Debug|Windows Mobile 5.0 Pocket PC SDK (ARMV4I).ActiveCfg = Debug|Any CPU
		{A90A3C2C-4305-4AD4-BA34-D8A9A6019980}.Release|Any CPU.ActiveCfg = Release|Any CPU
		{A90A3C2C-4305-4AD4-BA34-D8A9A6019980}.Release|Any CPU.Build.0 = Release|Any CPU
		{A90A3C2C-4305-4AD4-BA34-D8A9A6019980}.Release|Mixed Platforms.ActiveCfg = Release|Any CPU
		{A90A3C2C-4305-4AD4-BA34-D8A9A6019980}.Release|Mixed Platforms.Build.0 = Release|Any CPU
		{A90A3C2C-4305-4AD4-BA34-D8A9A6019980}.Release|Pocket PC 2003 (ARMV4).ActiveCfg = Release|Any CPU
		{A90A3C2C-4305-4AD4-BA34-D8A9A6019980}.Release|Win32.ActiveCfg = Release|Any CPU
		{A90A3C2C-4305-4AD4-BA34-D8A9A6019980}.Release|Windows Mobile 5.0 Pocket PC SDK (ARMV4I).ActiveCfg = Release|Any CPU
		{F3FFD044-5200-4404-A215-4D99BFCAF4E8}.Debug|Any CPU.ActiveCfg = Debug|Any CPU
		{F3FFD044-5200-4404-A215-4D99BFCAF4E8}.Debug|Any CPU.Build.0 = Debug|Any CPU
		{F3FFD044-5200-4404-A215-4D99BFCAF4E8}.Debug|Mixed Platforms.ActiveCfg = Debug|Any CPU
		{F3FFD044-5200-4404-A215-4D99BFCAF4E8}.Debug|Mixed Platforms.Build.0 = Debug|Any CPU
		{F3FFD044-5200-4404-A215-4D99BFCAF4E8}.Debug|Pocket PC 2003 (ARMV4).ActiveCfg = Debug|Any CPU
		{F3FFD044-5200-4404-A215-4D99BFCAF4E8}.Debug|Win32.ActiveCfg = Debug|Any CPU
		{F3FFD044-5200-4404-A215-4D99BFCAF4E8}.Debug|Windows Mobile 5.0 Pocket PC SDK (ARMV4I).ActiveCfg = Debug|Any CPU
		{F3FFD044-5200-4404-A215-4D99BFCAF4E8}.Release|Any CPU.ActiveCfg = Release|Any CPU
		{F3FFD044-5200-4404-A215-4D99BFCAF4E8}.Release|Any CPU.Build.0 = Release|Any CPU
		{F3FFD044-5200-4404-A215-4D99BFCAF4E8}.Release|Mixed Platforms.ActiveCfg = Release|Any CPU
		{F3FFD044-5200-4404-A215-4D99BFCAF4E8}.Release|Mixed Platforms.Build.0 = Release|Any CPU
		{F3FFD044-5200-4404-A215-4D99BFCAF4E8}.Release|Pocket PC 2003 (ARMV4).ActiveCfg = Release|Any CPU
		{F3FFD044-5200-4404-A215-4D99BFCAF4E8}.Release|Win32.ActiveCfg = Release|Any CPU
		{F3FFD044-5200-4404-A215-4D99BFCAF4E8}.Release|Windows Mobile 5.0 Pocket PC SDK (ARMV4I).ActiveCfg = Release|Any CPU
		{F65DA4CC-5EFF-4307-B519-41AD6EBD9AC2}.Debug|Any CPU.ActiveCfg = Debug|Any CPU
		{F65DA4CC-5EFF-4307-B519-41AD6EBD9AC2}.Debug|Any CPU.Build.0 = Debug|Any CPU
		{F65DA4CC-5EFF-4307-B519-41AD6EBD9AC2}.Debug|Any CPU.Deploy.0 = Debug|Any CPU
		{F65DA4CC-5EFF-4307-B519-41AD6EBD9AC2}.Debug|Mixed Platforms.ActiveCfg = Debug|Any CPU
		{F65DA4CC-5EFF-4307-B519-41AD6EBD9AC2}.Debug|Mixed Platforms.Build.0 = Debug|Any CPU
		{F65DA4CC-5EFF-4307-B519-41AD6EBD9AC2}.Debug|Mixed Platforms.Deploy.0 = Debug|Any CPU
		{F65DA4CC-5EFF-4307-B519-41AD6EBD9AC2}.Debug|Pocket PC 2003 (ARMV4).ActiveCfg = Debug|Any CPU
		{F65DA4CC-5EFF-4307-B519-41AD6EBD9AC2}.Debug|Win32.ActiveCfg = Debug|Any CPU
		{F65DA4CC-5EFF-4307-B519-41AD6EBD9AC2}.Debug|Windows Mobile 5.0 Pocket PC SDK (ARMV4I).ActiveCfg = Debug|Any CPU
		{F65DA4CC-5EFF-4307-B519-41AD6EBD9AC2}.Release|Any CPU.ActiveCfg = Release|Any CPU
		{F65DA4CC-5EFF-4307-B519-41AD6EBD9AC2}.Release|Any CPU.Build.0 = Release|Any CPU
		{F65DA4CC-5EFF-4307-B519-41AD6EBD9AC2}.Release|Any CPU.Deploy.0 = Release|Any CPU
		{F65DA4CC-5EFF-4307-B519-41AD6EBD9AC2}.Release|Mixed Platforms.ActiveCfg = Release|Any CPU
		{F65DA4CC-5EFF-4307-B519-41AD6EBD9AC2}.Release|Mixed Platforms.Build.0 = Release|Any CPU
		{F65DA4CC-5EFF-4307-B519-41AD6EBD9AC2}.Release|Mixed Platforms.Deploy.0 = Release|Any CPU
		{F65DA4CC-5EFF-4307-B519-41AD6EBD9AC2}.Release|Pocket PC 2003 (ARMV4).ActiveCfg = Release|Any CPU
		{F65DA4CC-5EFF-4307-B519-41AD6EBD9AC2}.Release|Win32.ActiveCfg = Release|Any CPU
		{F65DA4CC-5EFF-4307-B519-41AD6EBD9AC2}.Release|Windows Mobile 5.0 Pocket PC SDK (ARMV4I).ActiveCfg = Release|Any CPU
	EndGlobalSection
	GlobalSection(SolutionProperties) = preSolution
		HideSolutionNode = FALSE
	EndGlobalSection
	GlobalSection(NestedProjects) = preSolution
		{F3FFD044-5200-4404-A215-4D99BFCAF4E8} = {A0457640-3878-4BB0-85D9-C00548758750}
		{550F5C11-A801-41C8-BA5F-EA2A623E957E} = {A0457640-3878-4BB0-85D9-C00548758750}
		{F65DA4CC-5EFF-4307-B519-41AD6EBD9AC2} = {A0457640-3878-4BB0-85D9-C00548758750}
	EndGlobalSection
EndGlobal
