
Microsoft Visual Studio Solution File, Format Version 10.00
# Visual Studio 2008
Project("{2150E333-8FDC-42A3-9474-1A3956D46DE8}") = "Gentag Demo", "Gentag Demo", "{3A06F99D-A469-49D6-9241-DE46AD9BD4F1}"
EndProject
Project("{2150E333-8FDC-42A3-9474-1A3956D46DE8}") = "Public", "Public", "{3FA9D43B-9486-4F14-BFA3-685998F1557C}"
EndProject
Project("{2150E333-8FDC-42A3-9474-1A3956D46DE8}") = "eV Products", "eV Products", "{E1DD9998-3BE7-48F5-8488-165DA2308D7C}"
EndProject
Project("{2150E333-8FDC-42A3-9474-1A3956D46DE8}") = "Pet", "Pet", "{17BCA623-2699-4A8C-872C-5ACA9714F0D1}"
EndProject
Project("{2150E333-8FDC-42A3-9474-1A3956D46DE8}") = "Gentag Pet", "Gentag Pet", "{706FA558-4ACE-4166-AD5C-3E376AA87DE4}"
EndProject
Project("{B900F1C2-3D47-4FEC-85B3-04AAF18C3634}") = "Gentag Demo Application", "Setup CAB\Setup CAB.vddproj", "{C854D06A-20BA-43B0-860B-A6207A80771F}"
EndProject
Project("{FAE04EC0-301F-11D3-BF4B-00C04F79EFBC}") = "WineEntryClient", "PublicWineEntry\WineEntryClient.csproj", "{62153004-0AA6-49E5-B997-944E2C3F5DF0}"
EndProject
Project("{FAE04EC0-301F-11D3-BF4B-00C04F79EFBC}") = "WineClient", "WineClient\WineClient.csproj", "{0A59304D-922F-491F-A323-2FB541F55573}"
EndProject
Project("{FAE04EC0-301F-11D3-BF4B-00C04F79EFBC}") = "eV Products Demo", "eV Products Demo\eV Products Demo.csproj", "{CE25826C-2153-47E5-B844-24146CEFE9E9}"
EndProject
Project("{B900F1C2-3D47-4FEC-85B3-04AAF18C3634}") = "CORE Mobile Med Demo Setup", "CORE Mobile Med Demo Setup\CORE Mobile Med Demo Setup.vddproj", "{B655D923-B0BD-459A-8377-9202D8EA80B7}"
EndProject
Project("{54435603-DBB4-11D2-8724-00A0C9A8B90C}") = "EntryClient Setup", "EntryClient Setup\EntryClient Setup.vdproj", "{C37042C0-16E4-4F3D-AA08-D3387EA2EE2A}"
EndProject
Project("{FAE04EC0-301F-11D3-BF4B-00C04F79EFBC}") = "GentagPet", "GentagPet\GentagPet.csproj", "{7DE090AC-43CA-4514-915A-287B5FA9DFE6}"
EndProject
Project("{FAE04EC0-301F-11D3-BF4B-00C04F79EFBC}") = "Gentag Demo", "GenTag Demo\Gentag Demo.csproj", "{2BB2FFF5-F1D5-4C0D-A1DB-CD507D7F9280}"
EndProject
Project("{B900F1C2-3D47-4FEC-85B3-04AAF18C3634}") = "Gentag Pet", "Gentag Pet\Gentag Pet.vddproj", "{FB4ADAAA-7D32-45D0-B5EC-C77422B52EA1}"
EndProject
Project("{FAE04EC0-301F-11D3-BF4B-00C04F79EFBC}") = "Reader", "ClassLibrary1\Reader.csproj", "{C69C8781-21A8-44CA-8AE3-04521DF1A1B3}"
EndProject
Project("{FAE04EC0-301F-11D3-BF4B-00C04F79EFBC}") = "Gentag Pet Entry Client", "Gentag Pet Entry Client\Gentag Pet Entry Client.csproj", "{DBB087FA-AF91-442A-8F7E-CE98403AEAA8}"
EndProject
Project("{FAE04EC0-301F-11D3-BF4B-00C04F79EFBC}") = "ReaderFull", "ReaderFull\ReaderFull.csproj", "{9C57E42A-E831-4B6D-A760-CEACFC072583}"
EndProject
Project("{FAE04EC0-301F-11D3-BF4B-00C04F79EFBC}") = "nmeaInterpreter", "nmeaInterpreter\nmeaInterpreter.csproj", "{1AF780BB-1370-4C02-B219-599A8C210943}"
EndProject
Project("{FAE04EC0-301F-11D3-BF4B-00C04F79EFBC}") = "RFIDReadCursor", "RFIDReadCursor\RFIDReadCursor.csproj", "{E49614CC-5C7D-4E37-A27D-0DB2DFE73E78}"
EndProject
Project("{FAE04EC0-301F-11D3-BF4B-00C04F79EFBC}") = "DHL Demo", "DHL Demo\DHL Demo.csproj", "{3FF8F886-D438-4760-8801-A97DCAC9C84D}"
EndProject
Project("{8BC9CEB8-8B4A-11D0-8D11-00A0C91BC942}") = "VarioSens Lib", "VarioSens Lib\VarioSens Lib.vcproj", "{7775ECF9-017E-489D-84B6-3BC6DF166494}"
EndProject
Global
	GlobalSection(SolutionConfigurationPlatforms) = preSolution
		Debug|Any CPU = Debug|Any CPU
		Debug|Mixed Platforms = Debug|Mixed Platforms
		Debug|Pocket PC 2003 (ARMV4) = Debug|Pocket PC 2003 (ARMV4)
		Debug|Win32 = Debug|Win32
		Debug|Windows Mobile 5.0 Pocket PC SDK (ARMV4I) = Debug|Windows Mobile 5.0 Pocket PC SDK (ARMV4I)
		Release|Any CPU = Release|Any CPU
		Release|Mixed Platforms = Release|Mixed Platforms
		Release|Pocket PC 2003 (ARMV4) = Release|Pocket PC 2003 (ARMV4)
		Release|Win32 = Release|Win32
		Release|Windows Mobile 5.0 Pocket PC SDK (ARMV4I) = Release|Windows Mobile 5.0 Pocket PC SDK (ARMV4I)
	EndGlobalSection
	GlobalSection(ProjectConfigurationPlatforms) = postSolution
		{C854D06A-20BA-43B0-860B-A6207A80771F}.Debug|Any CPU.ActiveCfg = Debug
		{C854D06A-20BA-43B0-860B-A6207A80771F}.Debug|Any CPU.Build.0 = Debug
		{C854D06A-20BA-43B0-860B-A6207A80771F}.Debug|Mixed Platforms.ActiveCfg = Debug
		{C854D06A-20BA-43B0-860B-A6207A80771F}.Debug|Mixed Platforms.Build.0 = Debug
		{C854D06A-20BA-43B0-860B-A6207A80771F}.Debug|Pocket PC 2003 (ARMV4).ActiveCfg = Debug
		{C854D06A-20BA-43B0-860B-A6207A80771F}.Debug|Pocket PC 2003 (ARMV4).Build.0 = Debug
		{C854D06A-20BA-43B0-860B-A6207A80771F}.Debug|Win32.ActiveCfg = Debug
		{C854D06A-20BA-43B0-860B-A6207A80771F}.Debug|Win32.Build.0 = Debug
		{C854D06A-20BA-43B0-860B-A6207A80771F}.Debug|Windows Mobile 5.0 Pocket PC SDK (ARMV4I).ActiveCfg = Debug
		{C854D06A-20BA-43B0-860B-A6207A80771F}.Debug|Windows Mobile 5.0 Pocket PC SDK (ARMV4I).Build.0 = Debug
		{C854D06A-20BA-43B0-860B-A6207A80771F}.Release|Any CPU.ActiveCfg = Release
		{C854D06A-20BA-43B0-860B-A6207A80771F}.Release|Any CPU.Build.0 = Release
		{C854D06A-20BA-43B0-860B-A6207A80771F}.Release|Mixed Platforms.ActiveCfg = Release
		{C854D06A-20BA-43B0-860B-A6207A80771F}.Release|Mixed Platforms.Build.0 = Release
		{C854D06A-20BA-43B0-860B-A6207A80771F}.Release|Pocket PC 2003 (ARMV4).ActiveCfg = Release
		{C854D06A-20BA-43B0-860B-A6207A80771F}.Release|Pocket PC 2003 (ARMV4).Build.0 = Release
		{C854D06A-20BA-43B0-860B-A6207A80771F}.Release|Win32.ActiveCfg = Release
		{C854D06A-20BA-43B0-860B-A6207A80771F}.Release|Win32.Build.0 = Release
		{C854D06A-20BA-43B0-860B-A6207A80771F}.Release|Windows Mobile 5.0 Pocket PC SDK (ARMV4I).ActiveCfg = Release
		{C854D06A-20BA-43B0-860B-A6207A80771F}.Release|Windows Mobile 5.0 Pocket PC SDK (ARMV4I).Build.0 = Release
		{62153004-0AA6-49E5-B997-944E2C3F5DF0}.Debug|Any CPU.ActiveCfg = Debug|Any CPU
		{62153004-0AA6-49E5-B997-944E2C3F5DF0}.Debug|Any CPU.Build.0 = Debug|Any CPU
		{62153004-0AA6-49E5-B997-944E2C3F5DF0}.Debug|Mixed Platforms.ActiveCfg = Debug|Any CPU
		{62153004-0AA6-49E5-B997-944E2C3F5DF0}.Debug|Mixed Platforms.Build.0 = Debug|Any CPU
		{62153004-0AA6-49E5-B997-944E2C3F5DF0}.Debug|Pocket PC 2003 (ARMV4).ActiveCfg = Debug|Any CPU
		{62153004-0AA6-49E5-B997-944E2C3F5DF0}.Debug|Win32.ActiveCfg = Debug|Any CPU
		{62153004-0AA6-49E5-B997-944E2C3F5DF0}.Debug|Windows Mobile 5.0 Pocket PC SDK (ARMV4I).ActiveCfg = Debug|Any CPU
		{62153004-0AA6-49E5-B997-944E2C3F5DF0}.Release|Any CPU.ActiveCfg = Release|Any CPU
		{62153004-0AA6-49E5-B997-944E2C3F5DF0}.Release|Any CPU.Build.0 = Release|Any CPU
		{62153004-0AA6-49E5-B997-944E2C3F5DF0}.Release|Mixed Platforms.ActiveCfg = Release|Any CPU
		{62153004-0AA6-49E5-B997-944E2C3F5DF0}.Release|Mixed Platforms.Build.0 = Release|Any CPU
		{62153004-0AA6-49E5-B997-944E2C3F5DF0}.Release|Pocket PC 2003 (ARMV4).ActiveCfg = Release|Any CPU
		{62153004-0AA6-49E5-B997-944E2C3F5DF0}.Release|Win32.ActiveCfg = Release|Any CPU
		{62153004-0AA6-49E5-B997-944E2C3F5DF0}.Release|Windows Mobile 5.0 Pocket PC SDK (ARMV4I).ActiveCfg = Release|Any CPU
		{0A59304D-922F-491F-A323-2FB541F55573}.Debug|Any CPU.ActiveCfg = Debug|Any CPU
		{0A59304D-922F-491F-A323-2FB541F55573}.Debug|Any CPU.Build.0 = Debug|Any CPU
		{0A59304D-922F-491F-A323-2FB541F55573}.Debug|Any CPU.Deploy.0 = Debug|Any CPU
		{0A59304D-922F-491F-A323-2FB541F55573}.Debug|Mixed Platforms.ActiveCfg = Debug|Any CPU
		{0A59304D-922F-491F-A323-2FB541F55573}.Debug|Mixed Platforms.Build.0 = Debug|Any CPU
		{0A59304D-922F-491F-A323-2FB541F55573}.Debug|Mixed Platforms.Deploy.0 = Debug|Any CPU
		{0A59304D-922F-491F-A323-2FB541F55573}.Debug|Pocket PC 2003 (ARMV4).ActiveCfg = Debug|Any CPU
		{0A59304D-922F-491F-A323-2FB541F55573}.Debug|Win32.ActiveCfg = Debug|Any CPU
		{0A59304D-922F-491F-A323-2FB541F55573}.Debug|Windows Mobile 5.0 Pocket PC SDK (ARMV4I).ActiveCfg = Debug|Any CPU
		{0A59304D-922F-491F-A323-2FB541F55573}.Release|Any CPU.ActiveCfg = Release|Any CPU
		{0A59304D-922F-491F-A323-2FB541F55573}.Release|Any CPU.Build.0 = Release|Any CPU
		{0A59304D-922F-491F-A323-2FB541F55573}.Release|Any CPU.Deploy.0 = Release|Any CPU
		{0A59304D-922F-491F-A323-2FB541F55573}.Release|Mixed Platforms.ActiveCfg = Release|Any CPU
		{0A59304D-922F-491F-A323-2FB541F55573}.Release|Mixed Platforms.Build.0 = Release|Any CPU
		{0A59304D-922F-491F-A323-2FB541F55573}.Release|Mixed Platforms.Deploy.0 = Release|Any CPU
		{0A59304D-922F-491F-A323-2FB541F55573}.Release|Pocket PC 2003 (ARMV4).ActiveCfg = Release|Any CPU
		{0A59304D-922F-491F-A323-2FB541F55573}.Release|Win32.ActiveCfg = Release|Any CPU
		{0A59304D-922F-491F-A323-2FB541F55573}.Release|Windows Mobile 5.0 Pocket PC SDK (ARMV4I).ActiveCfg = Release|Any CPU
		{CE25826C-2153-47E5-B844-24146CEFE9E9}.Debug|Any CPU.ActiveCfg = Debug|Any CPU
		{CE25826C-2153-47E5-B844-24146CEFE9E9}.Debug|Any CPU.Build.0 = Debug|Any CPU
		{CE25826C-2153-47E5-B844-24146CEFE9E9}.Debug|Mixed Platforms.ActiveCfg = Debug|Any CPU
		{CE25826C-2153-47E5-B844-24146CEFE9E9}.Debug|Mixed Platforms.Build.0 = Debug|Any CPU
		{CE25826C-2153-47E5-B844-24146CEFE9E9}.Debug|Pocket PC 2003 (ARMV4).ActiveCfg = Debug|Any CPU
		{CE25826C-2153-47E5-B844-24146CEFE9E9}.Debug|Win32.ActiveCfg = Debug|Any CPU
		{CE25826C-2153-47E5-B844-24146CEFE9E9}.Debug|Windows Mobile 5.0 Pocket PC SDK (ARMV4I).ActiveCfg = Debug|Any CPU
		{CE25826C-2153-47E5-B844-24146CEFE9E9}.Release|Any CPU.ActiveCfg = Release|Any CPU
		{CE25826C-2153-47E5-B844-24146CEFE9E9}.Release|Any CPU.Build.0 = Release|Any CPU
		{CE25826C-2153-47E5-B844-24146CEFE9E9}.Release|Mixed Platforms.ActiveCfg = Release|Any CPU
		{CE25826C-2153-47E5-B844-24146CEFE9E9}.Release|Mixed Platforms.Build.0 = Release|Any CPU
		{CE25826C-2153-47E5-B844-24146CEFE9E9}.Release|Pocket PC 2003 (ARMV4).ActiveCfg = Release|Any CPU
		{CE25826C-2153-47E5-B844-24146CEFE9E9}.Release|Win32.ActiveCfg = Release|Any CPU
		{CE25826C-2153-47E5-B844-24146CEFE9E9}.Release|Windows Mobile 5.0 Pocket PC SDK (ARMV4I).ActiveCfg = Release|Any CPU
		{B655D923-B0BD-459A-8377-9202D8EA80B7}.Debug|Any CPU.ActiveCfg = Debug
		{B655D923-B0BD-459A-8377-9202D8EA80B7}.Debug|Mixed Platforms.ActiveCfg = Debug
		{B655D923-B0BD-459A-8377-9202D8EA80B7}.Debug|Pocket PC 2003 (ARMV4).ActiveCfg = Debug
		{B655D923-B0BD-459A-8377-9202D8EA80B7}.Debug|Win32.ActiveCfg = Debug
		{B655D923-B0BD-459A-8377-9202D8EA80B7}.Debug|Windows Mobile 5.0 Pocket PC SDK (ARMV4I).ActiveCfg = Debug
		{B655D923-B0BD-459A-8377-9202D8EA80B7}.Release|Any CPU.ActiveCfg = Release
		{B655D923-B0BD-459A-8377-9202D8EA80B7}.Release|Mixed Platforms.ActiveCfg = Release
		{B655D923-B0BD-459A-8377-9202D8EA80B7}.Release|Pocket PC 2003 (ARMV4).ActiveCfg = Release
		{B655D923-B0BD-459A-8377-9202D8EA80B7}.Release|Win32.ActiveCfg = Release
		{B655D923-B0BD-459A-8377-9202D8EA80B7}.Release|Windows Mobile 5.0 Pocket PC SDK (ARMV4I).ActiveCfg = Release
		{C37042C0-16E4-4F3D-AA08-D3387EA2EE2A}.Debug|Any CPU.ActiveCfg = Debug
		{C37042C0-16E4-4F3D-AA08-D3387EA2EE2A}.Debug|Mixed Platforms.ActiveCfg = Debug
		{C37042C0-16E4-4F3D-AA08-D3387EA2EE2A}.Debug|Pocket PC 2003 (ARMV4).ActiveCfg = Debug
		{C37042C0-16E4-4F3D-AA08-D3387EA2EE2A}.Debug|Win32.ActiveCfg = Debug
		{C37042C0-16E4-4F3D-AA08-D3387EA2EE2A}.Debug|Windows Mobile 5.0 Pocket PC SDK (ARMV4I).ActiveCfg = Debug
		{C37042C0-16E4-4F3D-AA08-D3387EA2EE2A}.Release|Any CPU.ActiveCfg = Release
		{C37042C0-16E4-4F3D-AA08-D3387EA2EE2A}.Release|Mixed Platforms.ActiveCfg = Release
		{C37042C0-16E4-4F3D-AA08-D3387EA2EE2A}.Release|Pocket PC 2003 (ARMV4).ActiveCfg = Release
		{C37042C0-16E4-4F3D-AA08-D3387EA2EE2A}.Release|Win32.ActiveCfg = Release
		{C37042C0-16E4-4F3D-AA08-D3387EA2EE2A}.Release|Windows Mobile 5.0 Pocket PC SDK (ARMV4I).ActiveCfg = Release
		{7DE090AC-43CA-4514-915A-287B5FA9DFE6}.Debug|Any CPU.ActiveCfg = Debug|Any CPU
		{7DE090AC-43CA-4514-915A-287B5FA9DFE6}.Debug|Any CPU.Build.0 = Debug|Any CPU
		{7DE090AC-43CA-4514-915A-287B5FA9DFE6}.Debug|Any CPU.Deploy.0 = Debug|Any CPU
		{7DE090AC-43CA-4514-915A-287B5FA9DFE6}.Debug|Mixed Platforms.ActiveCfg = Debug|Any CPU
		{7DE090AC-43CA-4514-915A-287B5FA9DFE6}.Debug|Mixed Platforms.Build.0 = Debug|Any CPU
		{7DE090AC-43CA-4514-915A-287B5FA9DFE6}.Debug|Mixed Platforms.Deploy.0 = Debug|Any CPU
		{7DE090AC-43CA-4514-915A-287B5FA9DFE6}.Debug|Pocket PC 2003 (ARMV4).ActiveCfg = Debug|Any CPU
		{7DE090AC-43CA-4514-915A-287B5FA9DFE6}.Debug|Win32.ActiveCfg = Debug|Any CPU
		{7DE090AC-43CA-4514-915A-287B5FA9DFE6}.Debug|Windows Mobile 5.0 Pocket PC SDK (ARMV4I).ActiveCfg = Debug|Any CPU
		{7DE090AC-43CA-4514-915A-287B5FA9DFE6}.Release|Any CPU.ActiveCfg = Release|Any CPU
		{7DE090AC-43CA-4514-915A-287B5FA9DFE6}.Release|Any CPU.Build.0 = Release|Any CPU
		{7DE090AC-43CA-4514-915A-287B5FA9DFE6}.Release|Any CPU.Deploy.0 = Release|Any CPU
		{7DE090AC-43CA-4514-915A-287B5FA9DFE6}.Release|Mixed Platforms.ActiveCfg = Release|Any CPU
		{7DE090AC-43CA-4514-915A-287B5FA9DFE6}.Release|Mixed Platforms.Build.0 = Release|Any CPU
		{7DE090AC-43CA-4514-915A-287B5FA9DFE6}.Release|Mixed Platforms.Deploy.0 = Release|Any CPU
		{7DE090AC-43CA-4514-915A-287B5FA9DFE6}.Release|Pocket PC 2003 (ARMV4).ActiveCfg = Release|Any CPU
		{7DE090AC-43CA-4514-915A-287B5FA9DFE6}.Release|Win32.ActiveCfg = Release|Any CPU
		{7DE090AC-43CA-4514-915A-287B5FA9DFE6}.Release|Windows Mobile 5.0 Pocket PC SDK (ARMV4I).ActiveCfg = Release|Any CPU
		{2BB2FFF5-F1D5-4C0D-A1DB-CD507D7F9280}.Debug|Any CPU.ActiveCfg = Debug|Any CPU
		{2BB2FFF5-F1D5-4C0D-A1DB-CD507D7F9280}.Debug|Any CPU.Build.0 = Debug|Any CPU
		{2BB2FFF5-F1D5-4C0D-A1DB-CD507D7F9280}.Debug|Any CPU.Deploy.0 = Debug|Any CPU
		{2BB2FFF5-F1D5-4C0D-A1DB-CD507D7F9280}.Debug|Mixed Platforms.ActiveCfg = Debug|Any CPU
		{2BB2FFF5-F1D5-4C0D-A1DB-CD507D7F9280}.Debug|Mixed Platforms.Build.0 = Debug|Any CPU
		{2BB2FFF5-F1D5-4C0D-A1DB-CD507D7F9280}.Debug|Mixed Platforms.Deploy.0 = Debug|Any CPU
		{2BB2FFF5-F1D5-4C0D-A1DB-CD507D7F9280}.Debug|Pocket PC 2003 (ARMV4).ActiveCfg = Debug|Any CPU
		{2BB2FFF5-F1D5-4C0D-A1DB-CD507D7F9280}.Debug|Win32.ActiveCfg = Debug|Any CPU
		{2BB2FFF5-F1D5-4C0D-A1DB-CD507D7F9280}.Debug|Windows Mobile 5.0 Pocket PC SDK (ARMV4I).ActiveCfg = Debug|Any CPU
		{2BB2FFF5-F1D5-4C0D-A1DB-CD507D7F9280}.Debug|Windows Mobile 5.0 Pocket PC SDK (ARMV4I).Build.0 = Debug|Any CPU
		{2BB2FFF5-F1D5-4C0D-A1DB-CD507D7F9280}.Debug|Windows Mobile 5.0 Pocket PC SDK (ARMV4I).Deploy.0 = Debug|Any CPU
		{2BB2FFF5-F1D5-4C0D-A1DB-CD507D7F9280}.Release|Any CPU.ActiveCfg = Release|Any CPU
		{2BB2FFF5-F1D5-4C0D-A1DB-CD507D7F9280}.Release|Any CPU.Build.0 = Release|Any CPU
		{2BB2FFF5-F1D5-4C0D-A1DB-CD507D7F9280}.Release|Any CPU.Deploy.0 = Release|Any CPU
		{2BB2FFF5-F1D5-4C0D-A1DB-CD507D7F9280}.Release|Mixed Platforms.ActiveCfg = Release|Any CPU
		{2BB2FFF5-F1D5-4C0D-A1DB-CD507D7F9280}.Release|Mixed Platforms.Build.0 = Release|Any CPU
		{2BB2FFF5-F1D5-4C0D-A1DB-CD507D7F9280}.Release|Mixed Platforms.Deploy.0 = Release|Any CPU
		{2BB2FFF5-F1D5-4C0D-A1DB-CD507D7F9280}.Release|Pocket PC 2003 (ARMV4).ActiveCfg = Release|Any CPU
		{2BB2FFF5-F1D5-4C0D-A1DB-CD507D7F9280}.Release|Win32.ActiveCfg = Release|Any CPU
		{2BB2FFF5-F1D5-4C0D-A1DB-CD507D7F9280}.Release|Windows Mobile 5.0 Pocket PC SDK (ARMV4I).ActiveCfg = Release|Any CPU
		{FB4ADAAA-7D32-45D0-B5EC-C77422B52EA1}.Debug|Any CPU.ActiveCfg = Debug
		{FB4ADAAA-7D32-45D0-B5EC-C77422B52EA1}.Debug|Mixed Platforms.ActiveCfg = Debug
		{FB4ADAAA-7D32-45D0-B5EC-C77422B52EA1}.Debug|Pocket PC 2003 (ARMV4).ActiveCfg = Debug
		{FB4ADAAA-7D32-45D0-B5EC-C77422B52EA1}.Debug|Win32.ActiveCfg = Debug
		{FB4ADAAA-7D32-45D0-B5EC-C77422B52EA1}.Debug|Windows Mobile 5.0 Pocket PC SDK (ARMV4I).ActiveCfg = Debug
		{FB4ADAAA-7D32-45D0-B5EC-C77422B52EA1}.Debug|Windows Mobile 5.0 Pocket PC SDK (ARMV4I).Build.0 = Debug
		{FB4ADAAA-7D32-45D0-B5EC-C77422B52EA1}.Release|Any CPU.ActiveCfg = Release
		{FB4ADAAA-7D32-45D0-B5EC-C77422B52EA1}.Release|Mixed Platforms.ActiveCfg = Release
		{FB4ADAAA-7D32-45D0-B5EC-C77422B52EA1}.Release|Pocket PC 2003 (ARMV4).ActiveCfg = Release
		{FB4ADAAA-7D32-45D0-B5EC-C77422B52EA1}.Release|Win32.ActiveCfg = Release
		{FB4ADAAA-7D32-45D0-B5EC-C77422B52EA1}.Release|Windows Mobile 5.0 Pocket PC SDK (ARMV4I).ActiveCfg = Release
		{C69C8781-21A8-44CA-8AE3-04521DF1A1B3}.Debug|Any CPU.ActiveCfg = Debug|Any CPU
		{C69C8781-21A8-44CA-8AE3-04521DF1A1B3}.Debug|Any CPU.Build.0 = Debug|Any CPU
		{C69C8781-21A8-44CA-8AE3-04521DF1A1B3}.Debug|Any CPU.Deploy.0 = Debug|Any CPU
		{C69C8781-21A8-44CA-8AE3-04521DF1A1B3}.Debug|Mixed Platforms.ActiveCfg = Debug|Any CPU
		{C69C8781-21A8-44CA-8AE3-04521DF1A1B3}.Debug|Mixed Platforms.Build.0 = Debug|Any CPU
		{C69C8781-21A8-44CA-8AE3-04521DF1A1B3}.Debug|Mixed Platforms.Deploy.0 = Debug|Any CPU
		{C69C8781-21A8-44CA-8AE3-04521DF1A1B3}.Debug|Pocket PC 2003 (ARMV4).ActiveCfg = Debug|Any CPU
		{C69C8781-21A8-44CA-8AE3-04521DF1A1B3}.Debug|Win32.ActiveCfg = Debug|Any CPU
		{C69C8781-21A8-44CA-8AE3-04521DF1A1B3}.Debug|Windows Mobile 5.0 Pocket PC SDK (ARMV4I).ActiveCfg = Debug|Any CPU
		{C69C8781-21A8-44CA-8AE3-04521DF1A1B3}.Debug|Windows Mobile 5.0 Pocket PC SDK (ARMV4I).Build.0 = Debug|Any CPU
		{C69C8781-21A8-44CA-8AE3-04521DF1A1B3}.Debug|Windows Mobile 5.0 Pocket PC SDK (ARMV4I).Deploy.0 = Debug|Any CPU
		{C69C8781-21A8-44CA-8AE3-04521DF1A1B3}.Release|Any CPU.ActiveCfg = Release|Any CPU
		{C69C8781-21A8-44CA-8AE3-04521DF1A1B3}.Release|Any CPU.Build.0 = Release|Any CPU
		{C69C8781-21A8-44CA-8AE3-04521DF1A1B3}.Release|Mixed Platforms.ActiveCfg = Release|Any CPU
		{C69C8781-21A8-44CA-8AE3-04521DF1A1B3}.Release|Mixed Platforms.Build.0 = Release|Any CPU
		{C69C8781-21A8-44CA-8AE3-04521DF1A1B3}.Release|Pocket PC 2003 (ARMV4).ActiveCfg = Release|Any CPU
		{C69C8781-21A8-44CA-8AE3-04521DF1A1B3}.Release|Win32.ActiveCfg = Release|Any CPU
		{C69C8781-21A8-44CA-8AE3-04521DF1A1B3}.Release|Windows Mobile 5.0 Pocket PC SDK (ARMV4I).ActiveCfg = Release|Any CPU
		{DBB087FA-AF91-442A-8F7E-CE98403AEAA8}.Debug|Any CPU.ActiveCfg = Debug|Any CPU
		{DBB087FA-AF91-442A-8F7E-CE98403AEAA8}.Debug|Any CPU.Build.0 = Debug|Any CPU
		{DBB087FA-AF91-442A-8F7E-CE98403AEAA8}.Debug|Mixed Platforms.ActiveCfg = Debug|Any CPU
		{DBB087FA-AF91-442A-8F7E-CE98403AEAA8}.Debug|Mixed Platforms.Build.0 = Debug|Any CPU
		{DBB087FA-AF91-442A-8F7E-CE98403AEAA8}.Debug|Pocket PC 2003 (ARMV4).ActiveCfg = Debug|Any CPU
		{DBB087FA-AF91-442A-8F7E-CE98403AEAA8}.Debug|Win32.ActiveCfg = Debug|Any CPU
		{DBB087FA-AF91-442A-8F7E-CE98403AEAA8}.Debug|Windows Mobile 5.0 Pocket PC SDK (ARMV4I).ActiveCfg = Debug|Any CPU
		{DBB087FA-AF91-442A-8F7E-CE98403AEAA8}.Release|Any CPU.ActiveCfg = Release|Any CPU
		{DBB087FA-AF91-442A-8F7E-CE98403AEAA8}.Release|Any CPU.Build.0 = Release|Any CPU
		{DBB087FA-AF91-442A-8F7E-CE98403AEAA8}.Release|Mixed Platforms.ActiveCfg = Release|Any CPU
		{DBB087FA-AF91-442A-8F7E-CE98403AEAA8}.Release|Mixed Platforms.Build.0 = Release|Any CPU
		{DBB087FA-AF91-442A-8F7E-CE98403AEAA8}.Release|Pocket PC 2003 (ARMV4).ActiveCfg = Release|Any CPU
		{DBB087FA-AF91-442A-8F7E-CE98403AEAA8}.Release|Win32.ActiveCfg = Release|Any CPU
		{DBB087FA-AF91-442A-8F7E-CE98403AEAA8}.Release|Windows Mobile 5.0 Pocket PC SDK (ARMV4I).ActiveCfg = Release|Any CPU
		{9C57E42A-E831-4B6D-A760-CEACFC072583}.Debug|Any CPU.ActiveCfg = Debug|Any CPU
		{9C57E42A-E831-4B6D-A760-CEACFC072583}.Debug|Any CPU.Build.0 = Debug|Any CPU
		{9C57E42A-E831-4B6D-A760-CEACFC072583}.Debug|Mixed Platforms.ActiveCfg = Debug|Any CPU
		{9C57E42A-E831-4B6D-A760-CEACFC072583}.Debug|Mixed Platforms.Build.0 = Debug|Any CPU
		{9C57E42A-E831-4B6D-A760-CEACFC072583}.Debug|Pocket PC 2003 (ARMV4).ActiveCfg = Debug|Any CPU
		{9C57E42A-E831-4B6D-A760-CEACFC072583}.Debug|Win32.ActiveCfg = Debug|Any CPU
		{9C57E42A-E831-4B6D-A760-CEACFC072583}.Debug|Windows Mobile 5.0 Pocket PC SDK (ARMV4I).ActiveCfg = Debug|Any CPU
		{9C57E42A-E831-4B6D-A760-CEACFC072583}.Release|Any CPU.ActiveCfg = Release|Any CPU
		{9C57E42A-E831-4B6D-A760-CEACFC072583}.Release|Any CPU.Build.0 = Release|Any CPU
		{9C57E42A-E831-4B6D-A760-CEACFC072583}.Release|Mixed Platforms.ActiveCfg = Release|Any CPU
		{9C57E42A-E831-4B6D-A760-CEACFC072583}.Release|Mixed Platforms.Build.0 = Release|Any CPU
		{9C57E42A-E831-4B6D-A760-CEACFC072583}.Release|Pocket PC 2003 (ARMV4).ActiveCfg = Release|Any CPU
		{9C57E42A-E831-4B6D-A760-CEACFC072583}.Release|Win32.ActiveCfg = Release|Any CPU
		{9C57E42A-E831-4B6D-A760-CEACFC072583}.Release|Windows Mobile 5.0 Pocket PC SDK (ARMV4I).ActiveCfg = Release|Any CPU
		{1AF780BB-1370-4C02-B219-599A8C210943}.Debug|Any CPU.ActiveCfg = Debug|Any CPU
		{1AF780BB-1370-4C02-B219-599A8C210943}.Debug|Any CPU.Build.0 = Debug|Any CPU
		{1AF780BB-1370-4C02-B219-599A8C210943}.Debug|Mixed Platforms.ActiveCfg = Debug|Any CPU
		{1AF780BB-1370-4C02-B219-599A8C210943}.Debug|Mixed Platforms.Build.0 = Debug|Any CPU
		{1AF780BB-1370-4C02-B219-599A8C210943}.Debug|Pocket PC 2003 (ARMV4).ActiveCfg = Debug|Any CPU
		{1AF780BB-1370-4C02-B219-599A8C210943}.Debug|Win32.ActiveCfg = Debug|Any CPU
		{1AF780BB-1370-4C02-B219-599A8C210943}.Debug|Windows Mobile 5.0 Pocket PC SDK (ARMV4I).ActiveCfg = Debug|Any CPU
		{1AF780BB-1370-4C02-B219-599A8C210943}.Release|Any CPU.ActiveCfg = Release|Any CPU
		{1AF780BB-1370-4C02-B219-599A8C210943}.Release|Any CPU.Build.0 = Release|Any CPU
		{1AF780BB-1370-4C02-B219-599A8C210943}.Release|Mixed Platforms.ActiveCfg = Release|Any CPU
		{1AF780BB-1370-4C02-B219-599A8C210943}.Release|Mixed Platforms.Build.0 = Release|Any CPU
		{1AF780BB-1370-4C02-B219-599A8C210943}.Release|Pocket PC 2003 (ARMV4).ActiveCfg = Release|Any CPU
		{1AF780BB-1370-4C02-B219-599A8C210943}.Release|Win32.ActiveCfg = Release|Any CPU
		{1AF780BB-1370-4C02-B219-599A8C210943}.Release|Windows Mobile 5.0 Pocket PC SDK (ARMV4I).ActiveCfg = Release|Any CPU
		{E49614CC-5C7D-4E37-A27D-0DB2DFE73E78}.Debug|Any CPU.ActiveCfg = Debug|Any CPU
		{E49614CC-5C7D-4E37-A27D-0DB2DFE73E78}.Debug|Any CPU.Build.0 = Debug|Any CPU
		{E49614CC-5C7D-4E37-A27D-0DB2DFE73E78}.Debug|Mixed Platforms.ActiveCfg = Debug|Any CPU
		{E49614CC-5C7D-4E37-A27D-0DB2DFE73E78}.Debug|Mixed Platforms.Build.0 = Debug|Any CPU
		{E49614CC-5C7D-4E37-A27D-0DB2DFE73E78}.Debug|Pocket PC 2003 (ARMV4).ActiveCfg = Debug|Any CPU
		{E49614CC-5C7D-4E37-A27D-0DB2DFE73E78}.Debug|Win32.ActiveCfg = Debug|Any CPU
		{E49614CC-5C7D-4E37-A27D-0DB2DFE73E78}.Debug|Windows Mobile 5.0 Pocket PC SDK (ARMV4I).ActiveCfg = Debug|Any CPU
		{E49614CC-5C7D-4E37-A27D-0DB2DFE73E78}.Release|Any CPU.ActiveCfg = Release|Any CPU
		{E49614CC-5C7D-4E37-A27D-0DB2DFE73E78}.Release|Any CPU.Build.0 = Release|Any CPU
		{E49614CC-5C7D-4E37-A27D-0DB2DFE73E78}.Release|Mixed Platforms.ActiveCfg = Release|Any CPU
		{E49614CC-5C7D-4E37-A27D-0DB2DFE73E78}.Release|Mixed Platforms.Build.0 = Release|Any CPU
		{E49614CC-5C7D-4E37-A27D-0DB2DFE73E78}.Release|Pocket PC 2003 (ARMV4).ActiveCfg = Release|Any CPU
		{E49614CC-5C7D-4E37-A27D-0DB2DFE73E78}.Release|Win32.ActiveCfg = Release|Any CPU
		{E49614CC-5C7D-4E37-A27D-0DB2DFE73E78}.Release|Windows Mobile 5.0 Pocket PC SDK (ARMV4I).ActiveCfg = Release|Any CPU
		{3FF8F886-D438-4760-8801-A97DCAC9C84D}.Debug|Any CPU.ActiveCfg = Debug|Any CPU
		{3FF8F886-D438-4760-8801-A97DCAC9C84D}.Debug|Any CPU.Build.0 = Debug|Any CPU
		{3FF8F886-D438-4760-8801-A97DCAC9C84D}.Debug|Any CPU.Deploy.0 = Debug|Any CPU
		{3FF8F886-D438-4760-8801-A97DCAC9C84D}.Debug|Mixed Platforms.ActiveCfg = Debug|Any CPU
		{3FF8F886-D438-4760-8801-A97DCAC9C84D}.Debug|Mixed Platforms.Build.0 = Debug|Any CPU
		{3FF8F886-D438-4760-8801-A97DCAC9C84D}.Debug|Mixed Platforms.Deploy.0 = Debug|Any CPU
		{3FF8F886-D438-4760-8801-A97DCAC9C84D}.Debug|Pocket PC 2003 (ARMV4).ActiveCfg = Debug|Any CPU
		{3FF8F886-D438-4760-8801-A97DCAC9C84D}.Debug|Win32.ActiveCfg = Debug|Any CPU
		{3FF8F886-D438-4760-8801-A97DCAC9C84D}.Debug|Windows Mobile 5.0 Pocket PC SDK (ARMV4I).ActiveCfg = Debug|Any CPU
		{3FF8F886-D438-4760-8801-A97DCAC9C84D}.Release|Any CPU.ActiveCfg = Release|Any CPU
		{3FF8F886-D438-4760-8801-A97DCAC9C84D}.Release|Any CPU.Build.0 = Release|Any CPU
		{3FF8F886-D438-4760-8801-A97DCAC9C84D}.Release|Any CPU.Deploy.0 = Release|Any CPU
		{3FF8F886-D438-4760-8801-A97DCAC9C84D}.Release|Mixed Platforms.ActiveCfg = Release|Any CPU
		{3FF8F886-D438-4760-8801-A97DCAC9C84D}.Release|Mixed Platforms.Build.0 = Release|Any CPU
		{3FF8F886-D438-4760-8801-A97DCAC9C84D}.Release|Mixed Platforms.Deploy.0 = Release|Any CPU
		{3FF8F886-D438-4760-8801-A97DCAC9C84D}.Release|Pocket PC 2003 (ARMV4).ActiveCfg = Release|Any CPU
		{3FF8F886-D438-4760-8801-A97DCAC9C84D}.Release|Win32.ActiveCfg = Release|Any CPU
		{3FF8F886-D438-4760-8801-A97DCAC9C84D}.Release|Windows Mobile 5.0 Pocket PC SDK (ARMV4I).ActiveCfg = Release|Any CPU
		{7775ECF9-017E-489D-84B6-3BC6DF166494}.Debug|Any CPU.ActiveCfg = Debug|Windows Mobile 5.0 Pocket PC SDK (ARMV4I)
		{7775ECF9-017E-489D-84B6-3BC6DF166494}.Debug|Mixed Platforms.ActiveCfg = Debug|Windows Mobile 5.0 Pocket PC SDK (ARMV4I)
		{7775ECF9-017E-489D-84B6-3BC6DF166494}.Debug|Mixed Platforms.Build.0 = Debug|Windows Mobile 5.0 Pocket PC SDK (ARMV4I)
		{7775ECF9-017E-489D-84B6-3BC6DF166494}.Debug|Mixed Platforms.Deploy.0 = Debug|Windows Mobile 5.0 Pocket PC SDK (ARMV4I)
		{7775ECF9-017E-489D-84B6-3BC6DF166494}.Debug|Pocket PC 2003 (ARMV4).ActiveCfg = Debug|Pocket PC 2003 (ARMV4)
		{7775ECF9-017E-489D-84B6-3BC6DF166494}.Debug|Pocket PC 2003 (ARMV4).Build.0 = Debug|Pocket PC 2003 (ARMV4)
		{7775ECF9-017E-489D-84B6-3BC6DF166494}.Debug|Pocket PC 2003 (ARMV4).Deploy.0 = Debug|Pocket PC 2003 (ARMV4)
		{7775ECF9-017E-489D-84B6-3BC6DF166494}.Debug|Win32.ActiveCfg = Debug|Windows Mobile 5.0 Pocket PC SDK (ARMV4I)
		{7775ECF9-017E-489D-84B6-3BC6DF166494}.Debug|Windows Mobile 5.0 Pocket PC SDK (ARMV4I).ActiveCfg = Debug|Windows Mobile 5.0 Pocket PC SDK (ARMV4I)
		{7775ECF9-017E-489D-84B6-3BC6DF166494}.Debug|Windows Mobile 5.0 Pocket PC SDK (ARMV4I).Build.0 = Debug|Windows Mobile 5.0 Pocket PC SDK (ARMV4I)
		{7775ECF9-017E-489D-84B6-3BC6DF166494}.Debug|Windows Mobile 5.0 Pocket PC SDK (ARMV4I).Deploy.0 = Debug|Windows Mobile 5.0 Pocket PC SDK (ARMV4I)
		{7775ECF9-017E-489D-84B6-3BC6DF166494}.Release|Any CPU.ActiveCfg = Release|Windows Mobile 5.0 Pocket PC SDK (ARMV4I)
		{7775ECF9-017E-489D-84B6-3BC6DF166494}.Release|Mixed Platforms.ActiveCfg = Release|Windows Mobile 5.0 Pocket PC SDK (ARMV4I)
		{7775ECF9-017E-489D-84B6-3BC6DF166494}.Release|Mixed Platforms.Build.0 = Release|Windows Mobile 5.0 Pocket PC SDK (ARMV4I)
		{7775ECF9-017E-489D-84B6-3BC6DF166494}.Release|Mixed Platforms.Deploy.0 = Release|Windows Mobile 5.0 Pocket PC SDK (ARMV4I)
		{7775ECF9-017E-489D-84B6-3BC6DF166494}.Release|Pocket PC 2003 (ARMV4).ActiveCfg = Release|Pocket PC 2003 (ARMV4)
		{7775ECF9-017E-489D-84B6-3BC6DF166494}.Release|Pocket PC 2003 (ARMV4).Build.0 = Release|Pocket PC 2003 (ARMV4)
		{7775ECF9-017E-489D-84B6-3BC6DF166494}.Release|Pocket PC 2003 (ARMV4).Deploy.0 = Release|Pocket PC 2003 (ARMV4)
		{7775ECF9-017E-489D-84B6-3BC6DF166494}.Release|Win32.ActiveCfg = Release|Windows Mobile 5.0 Pocket PC SDK (ARMV4I)
		{7775ECF9-017E-489D-84B6-3BC6DF166494}.Release|Windows Mobile 5.0 Pocket PC SDK (ARMV4I).ActiveCfg = Release|Windows Mobile 5.0 Pocket PC SDK (ARMV4I)
		{7775ECF9-017E-489D-84B6-3BC6DF166494}.Release|Windows Mobile 5.0 Pocket PC SDK (ARMV4I).Build.0 = Release|Windows Mobile 5.0 Pocket PC SDK (ARMV4I)
		{7775ECF9-017E-489D-84B6-3BC6DF166494}.Release|Windows Mobile 5.0 Pocket PC SDK (ARMV4I).Deploy.0 = Release|Windows Mobile 5.0 Pocket PC SDK (ARMV4I)
	EndGlobalSection
	GlobalSection(SolutionProperties) = preSolution
		HideSolutionNode = FALSE
	EndGlobalSection
	GlobalSection(NestedProjects) = preSolution
		{C37042C0-16E4-4F3D-AA08-D3387EA2EE2A} = {3A06F99D-A469-49D6-9241-DE46AD9BD4F1}
		{2BB2FFF5-F1D5-4C0D-A1DB-CD507D7F9280} = {3A06F99D-A469-49D6-9241-DE46AD9BD4F1}
		{C69C8781-21A8-44CA-8AE3-04521DF1A1B3} = {3A06F99D-A469-49D6-9241-DE46AD9BD4F1}
		{9C57E42A-E831-4B6D-A760-CEACFC072583} = {3A06F99D-A469-49D6-9241-DE46AD9BD4F1}
		{1AF780BB-1370-4C02-B219-599A8C210943} = {3A06F99D-A469-49D6-9241-DE46AD9BD4F1}
		{E49614CC-5C7D-4E37-A27D-0DB2DFE73E78} = {3A06F99D-A469-49D6-9241-DE46AD9BD4F1}
		{7775ECF9-017E-489D-84B6-3BC6DF166494} = {3A06F99D-A469-49D6-9241-DE46AD9BD4F1}
		{62153004-0AA6-49E5-B997-944E2C3F5DF0} = {3FA9D43B-9486-4F14-BFA3-685998F1557C}
		{0A59304D-922F-491F-A323-2FB541F55573} = {3FA9D43B-9486-4F14-BFA3-685998F1557C}
		{3FF8F886-D438-4760-8801-A97DCAC9C84D} = {3FA9D43B-9486-4F14-BFA3-685998F1557C}
		{CE25826C-2153-47E5-B844-24146CEFE9E9} = {E1DD9998-3BE7-48F5-8488-165DA2308D7C}
		{7DE090AC-43CA-4514-915A-287B5FA9DFE6} = {17BCA623-2699-4A8C-872C-5ACA9714F0D1}
		{FB4ADAAA-7D32-45D0-B5EC-C77422B52EA1} = {706FA558-4ACE-4166-AD5C-3E376AA87DE4}
		{DBB087FA-AF91-442A-8F7E-CE98403AEAA8} = {706FA558-4ACE-4166-AD5C-3E376AA87DE4}
	EndGlobalSection
EndGlobal
