
Microsoft Visual Studio Solution File, Format Version 9.00
# Visual Studio 2005
Project("{2150E333-8FDC-42A3-9474-1A3956D46DE8}") = "DHL Demo", "DHL Demo", "{823808BF-F2B5-4645-BB8D-5A23B3AD9044}"
EndProject
Project("{FAE04EC0-301F-11D3-BF4B-00C04F79EFBC}") = "COREPCMedDemo", "CORE MedDemo\COREPCMedDemo.csproj", "{F3FFD044-5200-4404-A215-4D99BFCAF4E8}"
EndProject
Project("{2150E333-8FDC-42A3-9474-1A3956D46DE8}") = "CORE Demo", "CORE Demo", "{65BA17A3-2B8F-45BA-AB4D-0EC6559CEEE5}"
EndProject
Project("{FAE04EC0-301F-11D3-BF4B-00C04F79EFBC}") = "DHL Demo", "DHL Demo\DHL Demo.csproj", "{3FF8F886-D438-4760-8801-A97DCAC9C84D}"
EndProject
Project("{FAE04EC0-301F-11D3-BF4B-00C04F79EFBC}") = "COREMobileMedDemo", "COREMobileMedDemo\COREMobileMedDemo.csproj", "{F65DA4CC-5EFF-4307-B519-41AD6EBD9AC2}"
EndProject
Project("{2150E333-8FDC-42A3-9474-1A3956D46DE8}") = "Gentag Demo", "Gentag Demo", "{3A06F99D-A469-49D6-9241-DE46AD9BD4F1}"
EndProject
Project("{FAE04EC0-301F-11D3-BF4B-00C04F79EFBC}") = "Gentag Demo", "GenTag Demo\Gentag Demo.csproj", "{2BB2FFF5-F1D5-4C0D-A1DB-CD507D7F9280}"
	ProjectSection(ProjectDependencies) = postProject
		{7775ECF9-017E-489D-84B6-3BC6DF166494} = {7775ECF9-017E-489D-84B6-3BC6DF166494}
	EndProjectSection
EndProject
Project("{FAE04EC0-301F-11D3-BF4B-00C04F79EFBC}") = "Drug Interaction Client", "GenTag Server\Drug Interaction Client.csproj", "{550F5C11-A801-41C8-BA5F-EA2A623E957E}"
EndProject
Project("{8BC9CEB8-8B4A-11D0-8D11-00A0C91BC942}") = "VarioSens Lib", "VarioSens Lib\VarioSens Lib.vcproj", "{7775ECF9-017E-489D-84B6-3BC6DF166494}"
EndProject
Project("{FAE04EC0-301F-11D3-BF4B-00C04F79EFBC}") = "EntryClient", "WineEntryClient\EntryClient.csproj", "{A90A3C2C-4305-4AD4-BA34-D8A9A6019980}"
EndProject
Project("{B900F1C2-3D47-4FEC-85B3-04AAF18C3634}") = "Setup CAB", "Setup CAB\Setup CAB.vddproj", "{C854D06A-20BA-43B0-860B-A6207A80771F}"
EndProject
Project("{2150E333-8FDC-42A3-9474-1A3956D46DE8}") = "Public", "Public", "{3FA9D43B-9486-4F14-BFA3-685998F1557C}"
EndProject
Project("{FAE04EC0-301F-11D3-BF4B-00C04F79EFBC}") = "WineEntryClient", "PublicWineEntry\WineEntryClient.csproj", "{62153004-0AA6-49E5-B997-944E2C3F5DF0}"
EndProject
Project("{FAE04EC0-301F-11D3-BF4B-00C04F79EFBC}") = "WineClient", "WineClient\WineClient.csproj", "{0A59304D-922F-491F-A323-2FB541F55573}"
EndProject
Global
	GlobalSection(SolutionConfigurationPlatforms) = preSolution
		Debug|Any CPU = Debug|Any CPU
		Debug|Mixed Platforms = Debug|Mixed Platforms
		Debug|Pocket PC 2003 (ARMV4) = Debug|Pocket PC 2003 (ARMV4)
		Debug|Win32 = Debug|Win32
		Debug|Windows Mobile 5.0 Pocket PC SDK (ARMV4I) = Debug|Windows Mobile 5.0 Pocket PC SDK (ARMV4I)
		Release|Any CPU = Release|Any CPU
		Release|Mixed Platforms = Release|Mixed Platforms
		Release|Pocket PC 2003 (ARMV4) = Release|Pocket PC 2003 (ARMV4)
		Release|Win32 = Release|Win32
		Release|Windows Mobile 5.0 Pocket PC SDK (ARMV4I) = Release|Windows Mobile 5.0 Pocket PC SDK (ARMV4I)
	EndGlobalSection
	GlobalSection(ProjectConfigurationPlatforms) = postSolution
		{F3FFD044-5200-4404-A215-4D99BFCAF4E8}.Debug|Any CPU.ActiveCfg = Debug|Any CPU
		{F3FFD044-5200-4404-A215-4D99BFCAF4E8}.Debug|Any CPU.Build.0 = Debug|Any CPU
		{F3FFD044-5200-4404-A215-4D99BFCAF4E8}.Debug|Mixed Platforms.ActiveCfg = Debug|Any CPU
		{F3FFD044-5200-4404-A215-4D99BFCAF4E8}.Debug|Mixed Platforms.Build.0 = Debug|Any CPU
		{F3FFD044-5200-4404-A215-4D99BFCAF4E8}.Debug|Pocket PC 2003 (ARMV4).ActiveCfg = Debug|Any CPU
		{F3FFD044-5200-4404-A215-4D99BFCAF4E8}.Debug|Win32.ActiveCfg = Debug|Any CPU
		{F3FFD044-5200-4404-A215-4D99BFCAF4E8}.Debug|Windows Mobile 5.0 Pocket PC SDK (ARMV4I).ActiveCfg = Debug|Any CPU
		{F3FFD044-5200-4404-A215-4D99BFCAF4E8}.Release|Any CPU.ActiveCfg = Release|Any CPU
		{F3FFD044-5200-4404-A215-4D99BFCAF4E8}.Release|Any CPU.Build.0 = Release|Any CPU
		{F3FFD044-5200-4404-A215-4D99BFCAF4E8}.Release|Mixed Platforms.ActiveCfg = Release|Any CPU
		{F3FFD044-5200-4404-A215-4D99BFCAF4E8}.Release|Mixed Platforms.Build.0 = Release|Any CPU
		{F3FFD044-5200-4404-A215-4D99BFCAF4E8}.Release|Pocket PC 2003 (ARMV4).ActiveCfg = Release|Any CPU
		{F3FFD044-5200-4404-A215-4D99BFCAF4E8}.Release|Win32.ActiveCfg = Release|Any CPU
		{F3FFD044-5200-4404-A215-4D99BFCAF4E8}.Release|Windows Mobile 5.0 Pocket PC SDK (ARMV4I).ActiveCfg = Release|Any CPU
		{3FF8F886-D438-4760-8801-A97DCAC9C84D}.Debug|Any CPU.ActiveCfg = Debug|Any CPU
		{3FF8F886-D438-4760-8801-A97DCAC9C84D}.Debug|Any CPU.Build.0 = Debug|Any CPU
		{3FF8F886-D438-4760-8801-A97DCAC9C84D}.Debug|Any CPU.Deploy.0 = Debug|Any CPU
		{3FF8F886-D438-4760-8801-A97DCAC9C84D}.Debug|Mixed Platforms.ActiveCfg = Debug|Any CPU
		{3FF8F886-D438-4760-8801-A97DCAC9C84D}.Debug|Mixed Platforms.Build.0 = Debug|Any CPU
		{3FF8F886-D438-4760-8801-A97DCAC9C84D}.Debug|Mixed Platforms.Deploy.0 = Debug|Any CPU
		{3FF8F886-D438-4760-8801-A97DCAC9C84D}.Debug|Pocket PC 2003 (ARMV4).ActiveCfg = Debug|Any CPU
		{3FF8F886-D438-4760-8801-A97DCAC9C84D}.Debug|Win32.ActiveCfg = Debug|Any CPU
		{3FF8F886-D438-4760-8801-A97DCAC9C84D}.Debug|Windows Mobile 5.0 Pocket PC SDK (ARMV4I).ActiveCfg = Debug|Any CPU
		{3FF8F886-D438-4760-8801-A97DCAC9C84D}.Release|Any CPU.ActiveCfg = Release|Any CPU
		{3FF8F886-D438-4760-8801-A97DCAC9C84D}.Release|Any CPU.Build.0 = Release|Any CPU
		{3FF8F886-D438-4760-8801-A97DCAC9C84D}.Release|Any CPU.Deploy.0 = Release|Any CPU
		{3FF8F886-D438-4760-8801-A97DCAC9C84D}.Release|Mixed Platforms.ActiveCfg = Release|Any CPU
		{3FF8F886-D438-4760-8801-A97DCAC9C84D}.Release|Mixed Platforms.Build.0 = Release|Any CPU
		{3FF8F886-D438-4760-8801-A97DCAC9C84D}.Release|Mixed Platforms.Deploy.0 = Release|Any CPU
		{3FF8F886-D438-4760-8801-A97DCAC9C84D}.Release|Pocket PC 2003 (ARMV4).ActiveCfg = Release|Any CPU
		{3FF8F886-D438-4760-8801-A97DCAC9C84D}.Release|Win32.ActiveCfg = Release|Any CPU
		{3FF8F886-D438-4760-8801-A97DCAC9C84D}.Release|Windows Mobile 5.0 Pocket PC SDK (ARMV4I).ActiveCfg = Release|Any CPU
		{F65DA4CC-5EFF-4307-B519-41AD6EBD9AC2}.Debug|Any CPU.ActiveCfg = Debug|Any CPU
		{F65DA4CC-5EFF-4307-B519-41AD6EBD9AC2}.Debug|Any CPU.Build.0 = Debug|Any CPU
		{F65DA4CC-5EFF-4307-B519-41AD6EBD9AC2}.Debug|Any CPU.Deploy.0 = Debug|Any CPU
		{F65DA4CC-5EFF-4307-B519-41AD6EBD9AC2}.Debug|Mixed Platforms.ActiveCfg = Debug|Any CPU
		{F65DA4CC-5EFF-4307-B519-41AD6EBD9AC2}.Debug|Mixed Platforms.Build.0 = Debug|Any CPU
		{F65DA4CC-5EFF-4307-B519-41AD6EBD9AC2}.Debug|Mixed Platforms.Deploy.0 = Debug|Any CPU
		{F65DA4CC-5EFF-4307-B519-41AD6EBD9AC2}.Debug|Pocket PC 2003 (ARMV4).ActiveCfg = Debug|Any CPU
		{F65DA4CC-5EFF-4307-B519-41AD6EBD9AC2}.Debug|Win32.ActiveCfg = Debug|Any CPU
		{F65DA4CC-5EFF-4307-B519-41AD6EBD9AC2}.Debug|Windows Mobile 5.0 Pocket PC SDK (ARMV4I).ActiveCfg = Debug|Any CPU
		{F65DA4CC-5EFF-4307-B519-41AD6EBD9AC2}.Release|Any CPU.ActiveCfg = Release|Any CPU
		{F65DA4CC-5EFF-4307-B519-41AD6EBD9AC2}.Release|Any CPU.Build.0 = Release|Any CPU
		{F65DA4CC-5EFF-4307-B519-41AD6EBD9AC2}.Release|Any CPU.Deploy.0 = Release|Any CPU
		{F65DA4CC-5EFF-4307-B519-41AD6EBD9AC2}.Release|Mixed Platforms.ActiveCfg = Release|Any CPU
		{F65DA4CC-5EFF-4307-B519-41AD6EBD9AC2}.Release|Mixed Platforms.Build.0 = Release|Any CPU
		{F65DA4CC-5EFF-4307-B519-41AD6EBD9AC2}.Release|Mixed Platforms.Deploy.0 = Release|Any CPU
		{F65DA4CC-5EFF-4307-B519-41AD6EBD9AC2}.Release|Pocket PC 2003 (ARMV4).ActiveCfg = Release|Any CPU
		{F65DA4CC-5EFF-4307-B519-41AD6EBD9AC2}.Release|Win32.ActiveCfg = Release|Any CPU
		{F65DA4CC-5EFF-4307-B519-41AD6EBD9AC2}.Release|Windows Mobile 5.0 Pocket PC SDK (ARMV4I).ActiveCfg = Release|Any CPU
		{2BB2FFF5-F1D5-4C0D-A1DB-CD507D7F9280}.Debug|Any CPU.ActiveCfg = Debug|Any CPU
		{2BB2FFF5-F1D5-4C0D-A1DB-CD507D7F9280}.Debug|Any CPU.Build.0 = Debug|Any CPU
		{2BB2FFF5-F1D5-4C0D-A1DB-CD507D7F9280}.Debug|Any CPU.Deploy.0 = Debug|Any CPU
		{2BB2FFF5-F1D5-4C0D-A1DB-CD507D7F9280}.Debug|Mixed Platforms.ActiveCfg = Debug|Any CPU
		{2BB2FFF5-F1D5-4C0D-A1DB-CD507D7F9280}.Debug|Mixed Platforms.Build.0 = Debug|Any CPU
		{2BB2FFF5-F1D5-4C0D-A1DB-CD507D7F9280}.Debug|Mixed Platforms.Deploy.0 = Debug|Any CPU
		{2BB2FFF5-F1D5-4C0D-A1DB-CD507D7F9280}.Debug|Pocket PC 2003 (ARMV4).ActiveCfg = Debug|Any CPU
		{2BB2FFF5-F1D5-4C0D-A1DB-CD507D7F9280}.Debug|Win32.ActiveCfg = Debug|Any CPU
		{2BB2FFF5-F1D5-4C0D-A1DB-CD507D7F9280}.Debug|Windows Mobile 5.0 Pocket PC SDK (ARMV4I).ActiveCfg = Debug|Any CPU
		{2BB2FFF5-F1D5-4C0D-A1DB-CD507D7F9280}.Release|Any CPU.ActiveCfg = Release|Any CPU
		{2BB2FFF5-F1D5-4C0D-A1DB-CD507D7F9280}.Release|Any CPU.Build.0 = Release|Any CPU
		{2BB2FFF5-F1D5-4C0D-A1DB-CD507D7F9280}.Release|Any CPU.Deploy.0 = Release|Any CPU
		{2BB2FFF5-F1D5-4C0D-A1DB-CD507D7F9280}.Release|Mixed Platforms.ActiveCfg = Release|Any CPU
		{2BB2FFF5-F1D5-4C0D-A1DB-CD507D7F9280}.Release|Mixed Platforms.Build.0 = Release|Any CPU
		{2BB2FFF5-F1D5-4C0D-A1DB-CD507D7F9280}.Release|Mixed Platforms.Deploy.0 = Release|Any CPU
		{2BB2FFF5-F1D5-4C0D-A1DB-CD507D7F9280}.Release|Pocket PC 2003 (ARMV4).ActiveCfg = Release|Any CPU
		{2BB2FFF5-F1D5-4C0D-A1DB-CD507D7F9280}.Release|Win32.ActiveCfg = Release|Any CPU
		{2BB2FFF5-F1D5-4C0D-A1DB-CD507D7F9280}.Release|Windows Mobile 5.0 Pocket PC SDK (ARMV4I).ActiveCfg = Release|Any CPU
		{550F5C11-A801-41C8-BA5F-EA2A623E957E}.Debug|Any CPU.ActiveCfg = Debug|Any CPU
		{550F5C11-A801-41C8-BA5F-EA2A623E957E}.Debug|Any CPU.Build.0 = Debug|Any CPU
		{550F5C11-A801-41C8-BA5F-EA2A623E957E}.Debug|Mixed Platforms.ActiveCfg = Debug|Any CPU
		{550F5C11-A801-41C8-BA5F-EA2A623E957E}.Debug|Mixed Platforms.Build.0 = Debug|Any CPU
		{550F5C11-A801-41C8-BA5F-EA2A623E957E}.Debug|Pocket PC 2003 (ARMV4).ActiveCfg = Debug|Any CPU
		{550F5C11-A801-41C8-BA5F-EA2A623E957E}.Debug|Win32.ActiveCfg = Debug|Any CPU
		{550F5C11-A801-41C8-BA5F-EA2A623E957E}.Debug|Windows Mobile 5.0 Pocket PC SDK (ARMV4I).ActiveCfg = Debug|Any CPU
		{550F5C11-A801-41C8-BA5F-EA2A623E957E}.Release|Any CPU.ActiveCfg = Release|Any CPU
		{550F5C11-A801-41C8-BA5F-EA2A623E957E}.Release|Any CPU.Build.0 = Release|Any CPU
		{550F5C11-A801-41C8-BA5F-EA2A623E957E}.Release|Mixed Platforms.ActiveCfg = Release|Any CPU
		{550F5C11-A801-41C8-BA5F-EA2A623E957E}.Release|Mixed Platforms.Build.0 = Release|Any CPU
		{550F5C11-A801-41C8-BA5F-EA2A623E957E}.Release|Pocket PC 2003 (ARMV4).ActiveCfg = Release|Any CPU
		{550F5C11-A801-41C8-BA5F-EA2A623E957E}.Release|Win32.ActiveCfg = Release|Any CPU
		{550F5C11-A801-41C8-BA5F-EA2A623E957E}.Release|Windows Mobile 5.0 Pocket PC SDK (ARMV4I).ActiveCfg = Release|Any CPU
		{7775ECF9-017E-489D-84B6-3BC6DF166494}.Debug|Any CPU.ActiveCfg = Debug|Pocket PC 2003 (ARMV4)
		{7775ECF9-017E-489D-84B6-3BC6DF166494}.Debug|Mixed Platforms.ActiveCfg = Debug|Pocket PC 2003 (ARMV4)
		{7775ECF9-017E-489D-84B6-3BC6DF166494}.Debug|Mixed Platforms.Build.0 = Debug|Pocket PC 2003 (ARMV4)
		{7775ECF9-017E-489D-84B6-3BC6DF166494}.Debug|Mixed Platforms.Deploy.0 = Debug|Pocket PC 2003 (ARMV4)
		{7775ECF9-017E-489D-84B6-3BC6DF166494}.Debug|Pocket PC 2003 (ARMV4).ActiveCfg = Debug|Pocket PC 2003 (ARMV4)
		{7775ECF9-017E-489D-84B6-3BC6DF166494}.Debug|Pocket PC 2003 (ARMV4).Build.0 = Debug|Pocket PC 2003 (ARMV4)
		{7775ECF9-017E-489D-84B6-3BC6DF166494}.Debug|Pocket PC 2003 (ARMV4).Deploy.0 = Debug|Pocket PC 2003 (ARMV4)
		{7775ECF9-017E-489D-84B6-3BC6DF166494}.Debug|Win32.ActiveCfg = Debug|Pocket PC 2003 (ARMV4)
		{7775ECF9-017E-489D-84B6-3BC6DF166494}.Debug|Windows Mobile 5.0 Pocket PC SDK (ARMV4I).ActiveCfg = Debug|Pocket PC 2003 (ARMV4)
		{7775ECF9-017E-489D-84B6-3BC6DF166494}.Release|Any CPU.ActiveCfg = Release|Pocket PC 2003 (ARMV4)
		{7775ECF9-017E-489D-84B6-3BC6DF166494}.Release|Mixed Platforms.ActiveCfg = Release|Pocket PC 2003 (ARMV4)
		{7775ECF9-017E-489D-84B6-3BC6DF166494}.Release|Mixed Platforms.Build.0 = Release|Pocket PC 2003 (ARMV4)
		{7775ECF9-017E-489D-84B6-3BC6DF166494}.Release|Mixed Platforms.Deploy.0 = Release|Pocket PC 2003 (ARMV4)
		{7775ECF9-017E-489D-84B6-3BC6DF166494}.Release|Pocket PC 2003 (ARMV4).ActiveCfg = Release|Pocket PC 2003 (ARMV4)
		{7775ECF9-017E-489D-84B6-3BC6DF166494}.Release|Pocket PC 2003 (ARMV4).Build.0 = Release|Pocket PC 2003 (ARMV4)
		{7775ECF9-017E-489D-84B6-3BC6DF166494}.Release|Pocket PC 2003 (ARMV4).Deploy.0 = Release|Pocket PC 2003 (ARMV4)
		{7775ECF9-017E-489D-84B6-3BC6DF166494}.Release|Win32.ActiveCfg = Release|Pocket PC 2003 (ARMV4)
		{7775ECF9-017E-489D-84B6-3BC6DF166494}.Release|Windows Mobile 5.0 Pocket PC SDK (ARMV4I).ActiveCfg = Release|Pocket PC 2003 (ARMV4)
		{A90A3C2C-4305-4AD4-BA34-D8A9A6019980}.Debug|Any CPU.ActiveCfg = Debug|Any CPU
		{A90A3C2C-4305-4AD4-BA34-D8A9A6019980}.Debug|Any CPU.Build.0 = Debug|Any CPU
		{A90A3C2C-4305-4AD4-BA34-D8A9A6019980}.Debug|Mixed Platforms.ActiveCfg = Debug|Any CPU
		{A90A3C2C-4305-4AD4-BA34-D8A9A6019980}.Debug|Mixed Platforms.Build.0 = Debug|Any CPU
		{A90A3C2C-4305-4AD4-BA34-D8A9A6019980}.Debug|Pocket PC 2003 (ARMV4).ActiveCfg = Debug|Any CPU
		{A90A3C2C-4305-4AD4-BA34-D8A9A6019980}.Debug|Win32.ActiveCfg = Debug|Any CPU
		{A90A3C2C-4305-4AD4-BA34-D8A9A6019980}.Debug|Windows Mobile 5.0 Pocket PC SDK (ARMV4I).ActiveCfg = Debug|Any CPU
		{A90A3C2C-4305-4AD4-BA34-D8A9A6019980}.Release|Any CPU.ActiveCfg = Release|Any CPU
		{A90A3C2C-4305-4AD4-BA34-D8A9A6019980}.Release|Any CPU.Build.0 = Release|Any CPU
		{A90A3C2C-4305-4AD4-BA34-D8A9A6019980}.Release|Mixed Platforms.ActiveCfg = Release|Any CPU
		{A90A3C2C-4305-4AD4-BA34-D8A9A6019980}.Release|Mixed Platforms.Build.0 = Release|Any CPU
		{A90A3C2C-4305-4AD4-BA34-D8A9A6019980}.Release|Pocket PC 2003 (ARMV4).ActiveCfg = Release|Any CPU
		{A90A3C2C-4305-4AD4-BA34-D8A9A6019980}.Release|Win32.ActiveCfg = Release|Any CPU
		{A90A3C2C-4305-4AD4-BA34-D8A9A6019980}.Release|Windows Mobile 5.0 Pocket PC SDK (ARMV4I).ActiveCfg = Release|Any CPU
		{C854D06A-20BA-43B0-860B-A6207A80771F}.Debug|Any CPU.ActiveCfg = Debug
		{C854D06A-20BA-43B0-860B-A6207A80771F}.Debug|Any CPU.Build.0 = Debug
		{C854D06A-20BA-43B0-860B-A6207A80771F}.Debug|Mixed Platforms.ActiveCfg = Debug
		{C854D06A-20BA-43B0-860B-A6207A80771F}.Debug|Mixed Platforms.Build.0 = Debug
		{C854D06A-20BA-43B0-860B-A6207A80771F}.Debug|Pocket PC 2003 (ARMV4).ActiveCfg = Debug
		{C854D06A-20BA-43B0-860B-A6207A80771F}.Debug|Pocket PC 2003 (ARMV4).Build.0 = Debug
		{C854D06A-20BA-43B0-860B-A6207A80771F}.Debug|Win32.ActiveCfg = Debug
		{C854D06A-20BA-43B0-860B-A6207A80771F}.Debug|Win32.Build.0 = Debug
		{C854D06A-20BA-43B0-860B-A6207A80771F}.Debug|Windows Mobile 5.0 Pocket PC SDK (ARMV4I).ActiveCfg = Debug
		{C854D06A-20BA-43B0-860B-A6207A80771F}.Debug|Windows Mobile 5.0 Pocket PC SDK (ARMV4I).Build.0 = Debug
		{C854D06A-20BA-43B0-860B-A6207A80771F}.Release|Any CPU.ActiveCfg = Release
		{C854D06A-20BA-43B0-860B-A6207A80771F}.Release|Any CPU.Build.0 = Release
		{C854D06A-20BA-43B0-860B-A6207A80771F}.Release|Mixed Platforms.ActiveCfg = Release
		{C854D06A-20BA-43B0-860B-A6207A80771F}.Release|Mixed Platforms.Build.0 = Release
		{C854D06A-20BA-43B0-860B-A6207A80771F}.Release|Pocket PC 2003 (ARMV4).ActiveCfg = Release
		{C854D06A-20BA-43B0-860B-A6207A80771F}.Release|Pocket PC 2003 (ARMV4).Build.0 = Release
		{C854D06A-20BA-43B0-860B-A6207A80771F}.Release|Win32.ActiveCfg = Release
		{C854D06A-20BA-43B0-860B-A6207A80771F}.Release|Win32.Build.0 = Release
		{C854D06A-20BA-43B0-860B-A6207A80771F}.Release|Windows Mobile 5.0 Pocket PC SDK (ARMV4I).ActiveCfg = Release
		{C854D06A-20BA-43B0-860B-A6207A80771F}.Release|Windows Mobile 5.0 Pocket PC SDK (ARMV4I).Build.0 = Release
		{62153004-0AA6-49E5-B997-944E2C3F5DF0}.Debug|Any CPU.ActiveCfg = Debug|Any CPU
		{62153004-0AA6-49E5-B997-944E2C3F5DF0}.Debug|Any CPU.Build.0 = Debug|Any CPU
		{62153004-0AA6-49E5-B997-944E2C3F5DF0}.Debug|Mixed Platforms.ActiveCfg = Debug|Any CPU
		{62153004-0AA6-49E5-B997-944E2C3F5DF0}.Debug|Mixed Platforms.Build.0 = Debug|Any CPU
		{62153004-0AA6-49E5-B997-944E2C3F5DF0}.Debug|Pocket PC 2003 (ARMV4).ActiveCfg = Debug|Any CPU
		{62153004-0AA6-49E5-B997-944E2C3F5DF0}.Debug|Win32.ActiveCfg = Debug|Any CPU
		{62153004-0AA6-49E5-B997-944E2C3F5DF0}.Debug|Windows Mobile 5.0 Pocket PC SDK (ARMV4I).ActiveCfg = Debug|Any CPU
		{62153004-0AA6-49E5-B997-944E2C3F5DF0}.Release|Any CPU.ActiveCfg = Release|Any CPU
		{62153004-0AA6-49E5-B997-944E2C3F5DF0}.Release|Any CPU.Build.0 = Release|Any CPU
		{62153004-0AA6-49E5-B997-944E2C3F5DF0}.Release|Mixed Platforms.ActiveCfg = Release|Any CPU
		{62153004-0AA6-49E5-B997-944E2C3F5DF0}.Release|Mixed Platforms.Build.0 = Release|Any CPU
		{62153004-0AA6-49E5-B997-944E2C3F5DF0}.Release|Pocket PC 2003 (ARMV4).ActiveCfg = Release|Any CPU
		{62153004-0AA6-49E5-B997-944E2C3F5DF0}.Release|Win32.ActiveCfg = Release|Any CPU
		{62153004-0AA6-49E5-B997-944E2C3F5DF0}.Release|Windows Mobile 5.0 Pocket PC SDK (ARMV4I).ActiveCfg = Release|Any CPU
		{0A59304D-922F-491F-A323-2FB541F55573}.Debug|Any CPU.ActiveCfg = Debug|Any CPU
		{0A59304D-922F-491F-A323-2FB541F55573}.Debug|Any CPU.Build.0 = Debug|Any CPU
		{0A59304D-922F-491F-A323-2FB541F55573}.Debug|Any CPU.Deploy.0 = Debug|Any CPU
		{0A59304D-922F-491F-A323-2FB541F55573}.Debug|Mixed Platforms.ActiveCfg = Debug|Any CPU
		{0A59304D-922F-491F-A323-2FB541F55573}.Debug|Mixed Platforms.Build.0 = Debug|Any CPU
		{0A59304D-922F-491F-A323-2FB541F55573}.Debug|Mixed Platforms.Deploy.0 = Debug|Any CPU
		{0A59304D-922F-491F-A323-2FB541F55573}.Debug|Pocket PC 2003 (ARMV4).ActiveCfg = Debug|Any CPU
		{0A59304D-922F-491F-A323-2FB541F55573}.Debug|Win32.ActiveCfg = Debug|Any CPU
		{0A59304D-922F-491F-A323-2FB541F55573}.Debug|Windows Mobile 5.0 Pocket PC SDK (ARMV4I).ActiveCfg = Debug|Any CPU
		{0A59304D-922F-491F-A323-2FB541F55573}.Release|Any CPU.ActiveCfg = Release|Any CPU
		{0A59304D-922F-491F-A323-2FB541F55573}.Release|Any CPU.Build.0 = Release|Any CPU
		{0A59304D-922F-491F-A323-2FB541F55573}.Release|Any CPU.Deploy.0 = Release|Any CPU
		{0A59304D-922F-491F-A323-2FB541F55573}.Release|Mixed Platforms.ActiveCfg = Release|Any CPU
		{0A59304D-922F-491F-A323-2FB541F55573}.Release|Mixed Platforms.Build.0 = Release|Any CPU
		{0A59304D-922F-491F-A323-2FB541F55573}.Release|Mixed Platforms.Deploy.0 = Release|Any CPU
		{0A59304D-922F-491F-A323-2FB541F55573}.Release|Pocket PC 2003 (ARMV4).ActiveCfg = Release|Any CPU
		{0A59304D-922F-491F-A323-2FB541F55573}.Release|Win32.ActiveCfg = Release|Any CPU
		{0A59304D-922F-491F-A323-2FB541F55573}.Release|Windows Mobile 5.0 Pocket PC SDK (ARMV4I).ActiveCfg = Release|Any CPU
	EndGlobalSection
	GlobalSection(SolutionProperties) = preSolution
		HideSolutionNode = FALSE
	EndGlobalSection
	GlobalSection(NestedProjects) = preSolution
		{3FF8F886-D438-4760-8801-A97DCAC9C84D} = {823808BF-F2B5-4645-BB8D-5A23B3AD9044}
		{F3FFD044-5200-4404-A215-4D99BFCAF4E8} = {65BA17A3-2B8F-45BA-AB4D-0EC6559CEEE5}
		{F65DA4CC-5EFF-4307-B519-41AD6EBD9AC2} = {65BA17A3-2B8F-45BA-AB4D-0EC6559CEEE5}
		{2BB2FFF5-F1D5-4C0D-A1DB-CD507D7F9280} = {3A06F99D-A469-49D6-9241-DE46AD9BD4F1}
		{550F5C11-A801-41C8-BA5F-EA2A623E957E} = {3A06F99D-A469-49D6-9241-DE46AD9BD4F1}
		{7775ECF9-017E-489D-84B6-3BC6DF166494} = {3A06F99D-A469-49D6-9241-DE46AD9BD4F1}
		{A90A3C2C-4305-4AD4-BA34-D8A9A6019980} = {3A06F99D-A469-49D6-9241-DE46AD9BD4F1}
		{C854D06A-20BA-43B0-860B-A6207A80771F} = {3A06F99D-A469-49D6-9241-DE46AD9BD4F1}
		{62153004-0AA6-49E5-B997-944E2C3F5DF0} = {3FA9D43B-9486-4F14-BFA3-685998F1557C}
		{0A59304D-922F-491F-A323-2FB541F55573} = {3FA9D43B-9486-4F14-BFA3-685998F1557C}
	EndGlobalSection
EndGlobal
