
Microsoft Visual Studio Solution File, Format Version 9.00
# Visual Studio 2005
Project("{8BC9CEB8-8B4A-11D0-8D11-00A0C91BC942}") = "DRAMSimII", "DRAMSimII.vcproj", "{65A5B23B-7F7D-4848-82BE-B9155E072660}"
EndProject
Project("{2150E333-8FDC-42A3-9474-1A3956D46DE8}") = "Solution Items", "Solution Items", "{300AB130-B3F1-4E9E-8451-468D310F0E68}"
	ProjectSection(SolutionItems) = preProject
		DRAMSimII.vsmdi = DRAMSimII.vsmdi
		localtestrun.testrunconfig = localtestrun.testrunconfig
	EndProjectSection
EndProject
Project("{8BC9CEB8-8B4A-11D0-8D11-00A0C91BC942}") = "TestProject1", "TestProject1\TestProject1.vcproj", "{552C6D9D-37B1-48E1-BD10-2CB3F92EFFA2}"
EndProject
Global
	GlobalSection(TestCaseManagementSettings) = postSolution
		CategoryFile = DRAMSimII.vsmdi
	EndGlobalSection
	GlobalSection(SolutionConfigurationPlatforms) = preSolution
		Debug|Win32 = Debug|Win32
		M5|Win32 = M5|Win32
		Release|Win32 = Release|Win32
	EndGlobalSection
	GlobalSection(ProjectConfigurationPlatforms) = postSolution
		{65A5B23B-7F7D-4848-82BE-B9155E072660}.Debug|Win32.ActiveCfg = Debug|Win32
		{65A5B23B-7F7D-4848-82BE-B9155E072660}.Debug|Win32.Build.0 = Debug|Win32
		{65A5B23B-7F7D-4848-82BE-B9155E072660}.M5|Win32.ActiveCfg = M5|Win32
		{65A5B23B-7F7D-4848-82BE-B9155E072660}.M5|Win32.Build.0 = M5|Win32
		{65A5B23B-7F7D-4848-82BE-B9155E072660}.Release|Win32.ActiveCfg = Release|Win32
		{65A5B23B-7F7D-4848-82BE-B9155E072660}.Release|Win32.Build.0 = Release|Win32
		{552C6D9D-37B1-48E1-BD10-2CB3F92EFFA2}.Debug|Win32.ActiveCfg = Debug|Win32
		{552C6D9D-37B1-48E1-BD10-2CB3F92EFFA2}.Debug|Win32.Build.0 = Debug|Win32
		{552C6D9D-37B1-48E1-BD10-2CB3F92EFFA2}.M5|Win32.ActiveCfg = Debug|Win32
		{552C6D9D-37B1-48E1-BD10-2CB3F92EFFA2}.M5|Win32.Build.0 = Debug|Win32
		{552C6D9D-37B1-48E1-BD10-2CB3F92EFFA2}.Release|Win32.ActiveCfg = Release|Win32
		{552C6D9D-37B1-48E1-BD10-2CB3F92EFFA2}.Release|Win32.Build.0 = Release|Win32
	EndGlobalSection
	GlobalSection(SolutionProperties) = preSolution
		HideSolutionNode = FALSE
	EndGlobalSection
	GlobalSection(ExtensibilityGlobals) = postSolution
		AMDCaProjectFile = C:\Documents and Settings\CriuS\My Documents\Visual Studio 2005\Projects\DRAMSimII\CodeAnalyst\DRAMSimII.caw
	EndGlobalSection
EndGlobal
